// !$*UTF8*$!
{
	archiveVersion = 1;
	classes = {
	};
	objectVersion = 46;
	objects = {

/* Begin PBXBuildFile section */
		664F8F5F6E4C799A07F1FC75 /* Pods_PFMTests.framework in Frameworks */ = {isa = PBXBuildFile; fileRef = 7091C38F41F13C9AAB4AEDAA /* Pods_PFMTests.framework */; };
		B120CA7B1CCBC64900E9985B /* InputStoryboard.storyboard in Resources */ = {isa = PBXBuildFile; fileRef = B120CA7A1CCBC64900E9985B /* InputStoryboard.storyboard */; };
		B120CA7D1CCBC65B00E9985B /* ChartsStoryboard.storyboard in Resources */ = {isa = PBXBuildFile; fileRef = B120CA7C1CCBC65B00E9985B /* ChartsStoryboard.storyboard */; };
		B120CA7F1CCBC67800E9985B /* SettingsStoryboard.storyboard in Resources */ = {isa = PBXBuildFile; fileRef = B120CA7E1CCBC67800E9985B /* SettingsStoryboard.storyboard */; };
		B120CA831CCBC93500E9985B /* NumpadViewController.swift in Sources */ = {isa = PBXBuildFile; fileRef = B120CA811CCBC93500E9985B /* NumpadViewController.swift */; };
		B120CA841CCBC93500E9985B /* NumpadViewController.xib in Resources */ = {isa = PBXBuildFile; fileRef = B120CA821CCBC93500E9985B /* NumpadViewController.xib */; };
		B120CA861CCCFDC100E9985B /* Extensions.swift in Sources */ = {isa = PBXBuildFile; fileRef = B120CA851CCCFDC100E9985B /* Extensions.swift */; };
		B120CA8C1CCD13F100E9985B /* InputContentPresenterProtocol.swift in Sources */ = {isa = PBXBuildFile; fileRef = B120CA8B1CCD13F100E9985B /* InputContentPresenterProtocol.swift */; };
		B120CA8E1CCD142B00E9985B /* InputContentViewProtocol.swift in Sources */ = {isa = PBXBuildFile; fileRef = B120CA8D1CCD142B00E9985B /* InputContentViewProtocol.swift */; };
		B120CA901CCD157000E9985B /* InputContentPresenter.swift in Sources */ = {isa = PBXBuildFile; fileRef = B120CA8F1CCD157000E9985B /* InputContentPresenter.swift */; };
		B120CA921CCD15F700E9985B /* InputContentViewController.swift in Sources */ = {isa = PBXBuildFile; fileRef = B120CA911CCD15F700E9985B /* InputContentViewController.swift */; };
		B12655AA1DBEB48D00AEDED5 /* UserDefaults.swift in Sources */ = {isa = PBXBuildFile; fileRef = B12655A91DBEB48D00AEDED5 /* UserDefaults.swift */; };
		B12655AC1DBEB57600AEDED5 /* AlertProtocol.swift in Sources */ = {isa = PBXBuildFile; fileRef = B12655AB1DBEB57600AEDED5 /* AlertProtocol.swift */; };
		B12655AE1DBEB58600AEDED5 /* ImageHelper.swift in Sources */ = {isa = PBXBuildFile; fileRef = B12655AD1DBEB58600AEDED5 /* ImageHelper.swift */; };
		B12655B01DBEB9E500AEDED5 /* LoaderProtocol.swift in Sources */ = {isa = PBXBuildFile; fileRef = B12655AF1DBEB9E500AEDED5 /* LoaderProtocol.swift */; };
		B12655B31DBEBCC000AEDED5 /* Localizable.strings in Resources */ = {isa = PBXBuildFile; fileRef = B12655B51DBEBCC000AEDED5 /* Localizable.strings */; };
		B12655BC1DBEBE4500AEDED5 /* Interface.storyboard in Resources */ = {isa = PBXBuildFile; fileRef = B12655BA1DBEBE4500AEDED5 /* Interface.storyboard */; };
		B12655BE1DBEBE4500AEDED5 /* Assets.xcassets in Resources */ = {isa = PBXBuildFile; fileRef = B12655BD1DBEBE4500AEDED5 /* Assets.xcassets */; };
		B12655C51DBEBE4500AEDED5 /* PFM_watch Extension.appex in Embed App Extensions */ = {isa = PBXBuildFile; fileRef = B12655C41DBEBE4500AEDED5 /* PFM_watch Extension.appex */; settings = {ATTRIBUTES = (RemoveHeadersOnCopy, ); }; };
		B12655CC1DBEBE4500AEDED5 /* ExtensionDelegate.swift in Sources */ = {isa = PBXBuildFile; fileRef = B12655CB1DBEBE4500AEDED5 /* ExtensionDelegate.swift */; };
		B12655CE1DBEBE4500AEDED5 /* Assets.xcassets in Resources */ = {isa = PBXBuildFile; fileRef = B12655CD1DBEBE4500AEDED5 /* Assets.xcassets */; };
		B12655D21DBEBE4500AEDED5 /* PFM_watch.app in Embed Watch Content */ = {isa = PBXBuildFile; fileRef = B12655B81DBEBE4500AEDED5 /* PFM_watch.app */; };
		B12655DC1DBEC1DE00AEDED5 /* InputInterfaceController.swift in Sources */ = {isa = PBXBuildFile; fileRef = B12655DB1DBEC1DE00AEDED5 /* InputInterfaceController.swift */; };
		B164F9711DCB45F70090CF08 /* ApplicationAssembly.swift in Sources */ = {isa = PBXBuildFile; fileRef = B164F96C1DCB45F70090CF08 /* ApplicationAssembly.swift */; };
		B164F9721DCB45F70090CF08 /* ServicesAssembly.swift in Sources */ = {isa = PBXBuildFile; fileRef = B164F96D1DCB45F70090CF08 /* ServicesAssembly.swift */; };
		B164F9731DCB45F70090CF08 /* ManagersAssembly.swift in Sources */ = {isa = PBXBuildFile; fileRef = B164F96E1DCB45F70090CF08 /* ManagersAssembly.swift */; };
		B164F9741DCB45F70090CF08 /* StoragesAssembly.swift in Sources */ = {isa = PBXBuildFile; fileRef = B164F96F1DCB45F70090CF08 /* StoragesAssembly.swift */; };
		B164F9751DCB45F70090CF08 /* DataProvidersAssembly.swift in Sources */ = {isa = PBXBuildFile; fileRef = B164F9701DCB45F70090CF08 /* DataProvidersAssembly.swift */; };
		B164F9771DCC81320090CF08 /* SecureProperty.swift in Sources */ = {isa = PBXBuildFile; fileRef = B164F9761DCC81320090CF08 /* SecureProperty.swift */; };
		B1783BE41CB186A400056895 /* DALHelper.swift in Sources */ = {isa = PBXBuildFile; fileRef = B1783BE31CB186A400056895 /* DALHelper.swift */; };
		B1783BE91CB18A2400056895 /* TransactionDataProvider.swift in Sources */ = {isa = PBXBuildFile; fileRef = B1783BE81CB18A2400056895 /* TransactionDataProvider.swift */; };
		B1783BEB1CB1A34B00056895 /* CategoryDataProvider.swift in Sources */ = {isa = PBXBuildFile; fileRef = B1783BEA1CB1A34B00056895 /* CategoryDataProvider.swift */; };
		B1783BED1CB1A77200056895 /* TransactionInteractorTests.swift in Sources */ = {isa = PBXBuildFile; fileRef = B1783BEC1CB1A77200056895 /* TransactionInteractorTests.swift */; };
		B1783BF01CB1A8C600056895 /* MockDAL.swift in Sources */ = {isa = PBXBuildFile; fileRef = B1783BEF1CB1A8C600056895 /* MockDAL.swift */; };
		B1783BF21CB1BA4800056895 /* CategoryInteractorTests.swift in Sources */ = {isa = PBXBuildFile; fileRef = B1783BF11CB1BA4800056895 /* CategoryInteractorTests.swift */; };
		B1783BF81CB2FAA200056895 /* Router.swift in Sources */ = {isa = PBXBuildFile; fileRef = B1783BF71CB2FAA200056895 /* Router.swift */; };
		B1783BFB1CB2FCB600056895 /* InputViewPresenterProtocol.swift in Sources */ = {isa = PBXBuildFile; fileRef = B1783BFA1CB2FCB600056895 /* InputViewPresenterProtocol.swift */; };
		B1783C001CB2FDF100056895 /* InputViewProtocol.swift in Sources */ = {isa = PBXBuildFile; fileRef = B1783BFF1CB2FDF100056895 /* InputViewProtocol.swift */; };
		B1783C021CB3039500056895 /* InputViewController.swift in Sources */ = {isa = PBXBuildFile; fileRef = B1783C011CB3039500056895 /* InputViewController.swift */; };
		B1783C051CB3059800056895 /* Constants.swift in Sources */ = {isa = PBXBuildFile; fileRef = B1783C041CB3059800056895 /* Constants.swift */; };
		B1783C071CB3073F00056895 /* InputViewPresenter.swift in Sources */ = {isa = PBXBuildFile; fileRef = B1783C061CB3073F00056895 /* InputViewPresenter.swift */; };
		B1783C091CB30A1000056895 /* PresentableView.swift in Sources */ = {isa = PBXBuildFile; fileRef = B1783C081CB30A1000056895 /* PresentableView.swift */; };
		B1783C0C1CB3978900056895 /* NavigationPresenterProtocol.swift in Sources */ = {isa = PBXBuildFile; fileRef = B1783C0B1CB3978900056895 /* NavigationPresenterProtocol.swift */; };
		B1783C0F1CB3981B00056895 /* NavigationViewProtocol.swift in Sources */ = {isa = PBXBuildFile; fileRef = B1783C0E1CB3981B00056895 /* NavigationViewProtocol.swift */; };
		B1783C111CB398E400056895 /* SwipeNavigationController.swift in Sources */ = {isa = PBXBuildFile; fileRef = B1783C101CB398E400056895 /* SwipeNavigationController.swift */; };
		B1783C141CB3A5AB00056895 /* SwipeNavigationPresenter.swift in Sources */ = {isa = PBXBuildFile; fileRef = B1783C131CB3A5AB00056895 /* SwipeNavigationPresenter.swift */; };
		B1783C1A1CB3B26C00056895 /* ChartsViewPresenterProtocol.swift in Sources */ = {isa = PBXBuildFile; fileRef = B1783C191CB3B26C00056895 /* ChartsViewPresenterProtocol.swift */; };
		B1783C1E1CB3B44000056895 /* ChartsViewProtocol.swift in Sources */ = {isa = PBXBuildFile; fileRef = B1783C1D1CB3B44000056895 /* ChartsViewProtocol.swift */; };
		B1783C201CB3B50600056895 /* ChartsViewPresenter.swift in Sources */ = {isa = PBXBuildFile; fileRef = B1783C1F1CB3B50600056895 /* ChartsViewPresenter.swift */; };
		B1783C221CB3B6B500056895 /* ChartsViewController.swift in Sources */ = {isa = PBXBuildFile; fileRef = B1783C211CB3B6B500056895 /* ChartsViewController.swift */; };
		B1783C251CB3C73600056895 /* SettingsViewPresenterProtocol.swift in Sources */ = {isa = PBXBuildFile; fileRef = B1783C241CB3C73600056895 /* SettingsViewPresenterProtocol.swift */; };
		B1783C281CB3C78000056895 /* SettingsViewProtocol.swift in Sources */ = {isa = PBXBuildFile; fileRef = B1783C271CB3C78000056895 /* SettingsViewProtocol.swift */; };
		B1783C2A1CB3C83500056895 /* SettingsViewPresenter.swift in Sources */ = {isa = PBXBuildFile; fileRef = B1783C291CB3C83500056895 /* SettingsViewPresenter.swift */; };
		B1783C2C1CB3CA6A00056895 /* SettingsViewController.swift in Sources */ = {isa = PBXBuildFile; fileRef = B1783C2B1CB3CA6A00056895 /* SettingsViewController.swift */; };
		B187859F1CA98E6A00DD18E9 /* AppDelegate.swift in Sources */ = {isa = PBXBuildFile; fileRef = B187859E1CA98E6A00DD18E9 /* AppDelegate.swift */; };
		B18785A41CA98E6A00DD18E9 /* Main.storyboard in Resources */ = {isa = PBXBuildFile; fileRef = B18785A21CA98E6A00DD18E9 /* Main.storyboard */; };
		B18785A61CA98E6A00DD18E9 /* Assets.xcassets in Resources */ = {isa = PBXBuildFile; fileRef = B18785A51CA98E6A00DD18E9 /* Assets.xcassets */; };
		B18785A91CA98E6A00DD18E9 /* LaunchScreen.storyboard in Resources */ = {isa = PBXBuildFile; fileRef = B18785A71CA98E6A00DD18E9 /* LaunchScreen.storyboard */; };
		B18785D41CA9928500DD18E9 /* CategoryModel.swift in Sources */ = {isa = PBXBuildFile; fileRef = B18785D31CA9928500DD18E9 /* CategoryModel.swift */; };
		B18785D81CA99AE000DD18E9 /* ModelObject.swift in Sources */ = {isa = PBXBuildFile; fileRef = B18785D71CA99AE000DD18E9 /* ModelObject.swift */; };
		B18785DB1CA99B4800DD18E9 /* TransactionModel.swift in Sources */ = {isa = PBXBuildFile; fileRef = B18785DA1CA99B4800DD18E9 /* TransactionModel.swift */; };
		B18785DD1CA99CDA00DD18E9 /* UserModel.swift in Sources */ = {isa = PBXBuildFile; fileRef = B18785DC1CA99CDA00DD18E9 /* UserModel.swift */; };
		B18B5E9D1CF48229008427C0 /* CurrentTransactionDataProvider.swift in Sources */ = {isa = PBXBuildFile; fileRef = B18B5E9C1CF48229008427C0 /* CurrentTransactionDataProvider.swift */; };
		B18E82CA1DC93E4500143C34 /* Assets.xcassets in Resources */ = {isa = PBXBuildFile; fileRef = B12655CD1DBEBE4500AEDED5 /* Assets.xcassets */; };
		B1DA8A6E1CEA80A700C51E85 /* LocationPickerPresenter.swift in Sources */ = {isa = PBXBuildFile; fileRef = B1DA8A6C1CEA80A700C51E85 /* LocationPickerPresenter.swift */; };
		B1DA8A6F1CEA80A700C51E85 /* LocationPickerPresenterProtocol.swift in Sources */ = {isa = PBXBuildFile; fileRef = B1DA8A6D1CEA80A700C51E85 /* LocationPickerPresenterProtocol.swift */; };
		B1DA8A751CEA80E500C51E85 /* LocationPickerViewProtocol.swift in Sources */ = {isa = PBXBuildFile; fileRef = B1DA8A731CEA80E500C51E85 /* LocationPickerViewProtocol.swift */; };
		B1DA8A761CEA80E500C51E85 /* PLocationPickerViewController.swift in Sources */ = {isa = PBXBuildFile; fileRef = B1DA8A741CEA80E500C51E85 /* PLocationPickerViewController.swift */; };
		E26D7E6C1CCE49F000454C08 /* PresentingTransitionAnimator.swift in Sources */ = {isa = PBXBuildFile; fileRef = E26D7E6B1CCE49F000454C08 /* PresentingTransitionAnimator.swift */; };
		E26D7E6E1CCE4A4100454C08 /* CategoriesTransition.swift in Sources */ = {isa = PBXBuildFile; fileRef = E26D7E6D1CCE4A4100454C08 /* CategoriesTransition.swift */; };
		E26D7E711CCE4AF900454C08 /* CategoriesViewProtocol.swift in Sources */ = {isa = PBXBuildFile; fileRef = E26D7E701CCE4AF900454C08 /* CategoriesViewProtocol.swift */; };
		E26D7E741CCE4B1D00454C08 /* CategoriesViewController.swift in Sources */ = {isa = PBXBuildFile; fileRef = E26D7E721CCE4B1D00454C08 /* CategoriesViewController.swift */; };
		E26D7E751CCE4B1D00454C08 /* CategoriesViewController.xib in Resources */ = {isa = PBXBuildFile; fileRef = E26D7E731CCE4B1D00454C08 /* CategoriesViewController.xib */; };
		E26D7E781CCE5B8600454C08 /* CategoryCollectionViewCell.swift in Sources */ = {isa = PBXBuildFile; fileRef = E26D7E761CCE5B8600454C08 /* CategoryCollectionViewCell.swift */; };
		E26D7E791CCE5B8600454C08 /* CategoryCollectionViewCell.xib in Resources */ = {isa = PBXBuildFile; fileRef = E26D7E771CCE5B8600454C08 /* CategoryCollectionViewCell.xib */; };
		E2D55DE11CF47A56002343BD /* HistoryViewController.swift in Sources */ = {isa = PBXBuildFile; fileRef = E2D55DE01CF47A56002343BD /* HistoryViewController.swift */; };
		E2D55DE41CF47BA4002343BD /* HistoryCollectionViewCell.swift in Sources */ = {isa = PBXBuildFile; fileRef = E2D55DE31CF47BA4002343BD /* HistoryCollectionViewCell.swift */; };
		E2D55DE61CF47C61002343BD /* History.storyboard in Resources */ = {isa = PBXBuildFile; fileRef = E2D55DE51CF47C61002343BD /* History.storyboard */; };
		E2D55DE81CF47DE3002343BD /* HistoryHeaderCollectionReusableView.swift in Sources */ = {isa = PBXBuildFile; fileRef = E2D55DE71CF47DE3002343BD /* HistoryHeaderCollectionReusableView.swift */; };
		E2D55DEA1CF48491002343BD /* HistoryTransition.swift in Sources */ = {isa = PBXBuildFile; fileRef = E2D55DE91CF48491002343BD /* HistoryTransition.swift */; };
		E2DEB6861CE1CCA800843D99 /* Montserrat-Regular.otf in Resources */ = {isa = PBXBuildFile; fileRef = E2DEB6851CE1CCA800843D99 /* Montserrat-Regular.otf */; };
		E2DEB6891CE1CCB400843D99 /* Montserrat-Light.otf in Resources */ = {isa = PBXBuildFile; fileRef = E2DEB6871CE1CCB400843D99 /* Montserrat-Light.otf */; };
		E2DEB68A1CE1CCB400843D99 /* Montserrat-UltraLight.otf in Resources */ = {isa = PBXBuildFile; fileRef = E2DEB6881CE1CCB400843D99 /* Montserrat-UltraLight.otf */; };
		E2E16E6B4AC6369341EC3306 /* Pods_PFM.framework in Frameworks */ = {isa = PBXBuildFile; fileRef = FCB30EA42510CFE7C728A926 /* Pods_PFM.framework */; };
/* End PBXBuildFile section */

/* Begin PBXContainerItemProxy section */
		B12655C61DBEBE4500AEDED5 /* PBXContainerItemProxy */ = {
			isa = PBXContainerItemProxy;
			containerPortal = B18785931CA98E6A00DD18E9 /* Project object */;
			proxyType = 1;
			remoteGlobalIDString = B12655C31DBEBE4500AEDED5;
			remoteInfo = "PFM_watch Extension";
		};
		B12655D01DBEBE4500AEDED5 /* PBXContainerItemProxy */ = {
			isa = PBXContainerItemProxy;
			containerPortal = B18785931CA98E6A00DD18E9 /* Project object */;
			proxyType = 1;
			remoteGlobalIDString = B12655B71DBEBE4500AEDED5;
			remoteInfo = PFM_watch;
		};
		B1308C401CF45529002965EA /* PBXContainerItemProxy */ = {
			isa = PBXContainerItemProxy;
			containerPortal = B18785931CA98E6A00DD18E9 /* Project object */;
			proxyType = 1;
			remoteGlobalIDString = B187859A1CA98E6A00DD18E9;
			remoteInfo = PFM;
		};
		B18785B01CA98E6A00DD18E9 /* PBXContainerItemProxy */ = {
			isa = PBXContainerItemProxy;
			containerPortal = B18785931CA98E6A00DD18E9 /* Project object */;
			proxyType = 1;
			remoteGlobalIDString = B187859A1CA98E6A00DD18E9;
			remoteInfo = PFM;
		};
/* End PBXContainerItemProxy section */

/* Begin PBXCopyFilesBuildPhase section */
		B12655D61DBEBE4500AEDED5 /* Embed App Extensions */ = {
			isa = PBXCopyFilesBuildPhase;
			buildActionMask = 2147483647;
			dstPath = "";
			dstSubfolderSpec = 13;
			files = (
				B12655C51DBEBE4500AEDED5 /* PFM_watch Extension.appex in Embed App Extensions */,
			);
			name = "Embed App Extensions";
			runOnlyForDeploymentPostprocessing = 0;
		};
		B12655DA1DBEBE4500AEDED5 /* Embed Watch Content */ = {
			isa = PBXCopyFilesBuildPhase;
			buildActionMask = 2147483647;
			dstPath = "$(CONTENTS_FOLDER_PATH)/Watch";
			dstSubfolderSpec = 16;
			files = (
				B12655D21DBEBE4500AEDED5 /* PFM_watch.app in Embed Watch Content */,
			);
			name = "Embed Watch Content";
			runOnlyForDeploymentPostprocessing = 0;
		};
/* End PBXCopyFilesBuildPhase section */

/* Begin PBXFileReference section */
		68A320BA307D58FB7683BFA2 /* Pods-PFMTests.debug.xcconfig */ = {isa = PBXFileReference; includeInIndex = 1; lastKnownFileType = text.xcconfig; name = "Pods-PFMTests.debug.xcconfig"; path = "Pods/Target Support Files/Pods-PFMTests/Pods-PFMTests.debug.xcconfig"; sourceTree = "<group>"; };
		7091C38F41F13C9AAB4AEDAA /* Pods_PFMTests.framework */ = {isa = PBXFileReference; explicitFileType = wrapper.framework; includeInIndex = 0; path = Pods_PFMTests.framework; sourceTree = BUILT_PRODUCTS_DIR; };
		984963EEF1421C9ADFADB024 /* Pods-PFM.debug.xcconfig */ = {isa = PBXFileReference; includeInIndex = 1; lastKnownFileType = text.xcconfig; name = "Pods-PFM.debug.xcconfig"; path = "Pods/Target Support Files/Pods-PFM/Pods-PFM.debug.xcconfig"; sourceTree = "<group>"; };
		9C5782FE39953D33BC631016 /* Pods-PFMTests.release.xcconfig */ = {isa = PBXFileReference; includeInIndex = 1; lastKnownFileType = text.xcconfig; name = "Pods-PFMTests.release.xcconfig"; path = "Pods/Target Support Files/Pods-PFMTests/Pods-PFMTests.release.xcconfig"; sourceTree = "<group>"; };
		B120CA7A1CCBC64900E9985B /* InputStoryboard.storyboard */ = {isa = PBXFileReference; fileEncoding = 4; lastKnownFileType = file.storyboard; name = InputStoryboard.storyboard; path = View/Input/InputStoryboard.storyboard; sourceTree = "<group>"; };
		B120CA7C1CCBC65B00E9985B /* ChartsStoryboard.storyboard */ = {isa = PBXFileReference; fileEncoding = 4; lastKnownFileType = file.storyboard; name = ChartsStoryboard.storyboard; path = View/Charts/ChartsStoryboard.storyboard; sourceTree = "<group>"; };
		B120CA7E1CCBC67800E9985B /* SettingsStoryboard.storyboard */ = {isa = PBXFileReference; fileEncoding = 4; lastKnownFileType = file.storyboard; name = SettingsStoryboard.storyboard; path = View/Settings/SettingsStoryboard.storyboard; sourceTree = "<group>"; };
		B120CA811CCBC93500E9985B /* NumpadViewController.swift */ = {isa = PBXFileReference; fileEncoding = 4; lastKnownFileType = sourcecode.swift; name = NumpadViewController.swift; path = View/Numpad/NumpadViewController.swift; sourceTree = "<group>"; };
		B120CA821CCBC93500E9985B /* NumpadViewController.xib */ = {isa = PBXFileReference; fileEncoding = 4; lastKnownFileType = file.xib; name = NumpadViewController.xib; path = View/Numpad/NumpadViewController.xib; sourceTree = "<group>"; };
		B120CA851CCCFDC100E9985B /* Extensions.swift */ = {isa = PBXFileReference; fileEncoding = 4; lastKnownFileType = sourcecode.swift; name = Extensions.swift; path = Utils/Extensions.swift; sourceTree = "<group>"; };
		B120CA8A1CCD068B00E9985B /* PFM-BridgingHeader.h */ = {isa = PBXFileReference; lastKnownFileType = sourcecode.c.h; path = "PFM-BridgingHeader.h"; sourceTree = "<group>"; };
		B120CA8B1CCD13F100E9985B /* InputContentPresenterProtocol.swift */ = {isa = PBXFileReference; fileEncoding = 4; lastKnownFileType = sourcecode.swift; name = InputContentPresenterProtocol.swift; path = Presenter/Input/InputContentPresenterProtocol.swift; sourceTree = "<group>"; };
		B120CA8D1CCD142B00E9985B /* InputContentViewProtocol.swift */ = {isa = PBXFileReference; fileEncoding = 4; lastKnownFileType = sourcecode.swift; name = InputContentViewProtocol.swift; path = View/Input/InputContentViewProtocol.swift; sourceTree = "<group>"; };
		B120CA8F1CCD157000E9985B /* InputContentPresenter.swift */ = {isa = PBXFileReference; fileEncoding = 4; lastKnownFileType = sourcecode.swift; name = InputContentPresenter.swift; path = Presenter/Input/InputContentPresenter.swift; sourceTree = "<group>"; };
		B120CA911CCD15F700E9985B /* InputContentViewController.swift */ = {isa = PBXFileReference; fileEncoding = 4; lastKnownFileType = sourcecode.swift; name = InputContentViewController.swift; path = View/Input/InputContentViewController.swift; sourceTree = "<group>"; };
		B12655A91DBEB48D00AEDED5 /* UserDefaults.swift */ = {isa = PBXFileReference; fileEncoding = 4; lastKnownFileType = sourcecode.swift; path = UserDefaults.swift; sourceTree = "<group>"; };
		B12655AB1DBEB57600AEDED5 /* AlertProtocol.swift */ = {isa = PBXFileReference; fileEncoding = 4; lastKnownFileType = sourcecode.swift; path = AlertProtocol.swift; sourceTree = "<group>"; };
		B12655AD1DBEB58600AEDED5 /* ImageHelper.swift */ = {isa = PBXFileReference; fileEncoding = 4; lastKnownFileType = sourcecode.swift; path = ImageHelper.swift; sourceTree = "<group>"; };
		B12655AF1DBEB9E500AEDED5 /* LoaderProtocol.swift */ = {isa = PBXFileReference; fileEncoding = 4; lastKnownFileType = sourcecode.swift; path = LoaderProtocol.swift; sourceTree = "<group>"; };
		B12655B41DBEBCC000AEDED5 /* Base */ = {isa = PBXFileReference; lastKnownFileType = text.plist.strings; name = Base; path = Base.lproj/Localizable.strings; sourceTree = "<group>"; };
		B12655B81DBEBE4500AEDED5 /* PFM_watch.app */ = {isa = PBXFileReference; explicitFileType = wrapper.application; includeInIndex = 0; path = PFM_watch.app; sourceTree = BUILT_PRODUCTS_DIR; };
		B12655BB1DBEBE4500AEDED5 /* Base */ = {isa = PBXFileReference; lastKnownFileType = file.storyboard; name = Base; path = Base.lproj/Interface.storyboard; sourceTree = "<group>"; };
		B12655BD1DBEBE4500AEDED5 /* Assets.xcassets */ = {isa = PBXFileReference; lastKnownFileType = folder.assetcatalog; path = Assets.xcassets; sourceTree = "<group>"; };
		B12655BF1DBEBE4500AEDED5 /* Info.plist */ = {isa = PBXFileReference; lastKnownFileType = text.plist.xml; path = Info.plist; sourceTree = "<group>"; };
		B12655C41DBEBE4500AEDED5 /* PFM_watch Extension.appex */ = {isa = PBXFileReference; explicitFileType = "wrapper.app-extension"; includeInIndex = 0; path = "PFM_watch Extension.appex"; sourceTree = BUILT_PRODUCTS_DIR; };
		B12655CB1DBEBE4500AEDED5 /* ExtensionDelegate.swift */ = {isa = PBXFileReference; lastKnownFileType = sourcecode.swift; path = ExtensionDelegate.swift; sourceTree = "<group>"; };
		B12655CD1DBEBE4500AEDED5 /* Assets.xcassets */ = {isa = PBXFileReference; lastKnownFileType = folder.assetcatalog; path = Assets.xcassets; sourceTree = "<group>"; };
		B12655CF1DBEBE4500AEDED5 /* Info.plist */ = {isa = PBXFileReference; lastKnownFileType = text.plist.xml; path = Info.plist; sourceTree = "<group>"; };
		B12655DB1DBEC1DE00AEDED5 /* InputInterfaceController.swift */ = {isa = PBXFileReference; fileEncoding = 4; lastKnownFileType = sourcecode.swift; path = InputInterfaceController.swift; sourceTree = "<group>"; };
		B1308C3B1CF45529002965EA /* PFMUITests.xctest */ = {isa = PBXFileReference; explicitFileType = wrapper.cfbundle; includeInIndex = 0; path = PFMUITests.xctest; sourceTree = BUILT_PRODUCTS_DIR; };
		B1308C3F1CF45529002965EA /* Info.plist */ = {isa = PBXFileReference; lastKnownFileType = text.plist.xml; path = Info.plist; sourceTree = "<group>"; };
		B164F96C1DCB45F70090CF08 /* ApplicationAssembly.swift */ = {isa = PBXFileReference; fileEncoding = 4; lastKnownFileType = sourcecode.swift; path = ApplicationAssembly.swift; sourceTree = "<group>"; };
		B164F96D1DCB45F70090CF08 /* ServicesAssembly.swift */ = {isa = PBXFileReference; fileEncoding = 4; lastKnownFileType = sourcecode.swift; path = ServicesAssembly.swift; sourceTree = "<group>"; };
		B164F96E1DCB45F70090CF08 /* ManagersAssembly.swift */ = {isa = PBXFileReference; fileEncoding = 4; lastKnownFileType = sourcecode.swift; path = ManagersAssembly.swift; sourceTree = "<group>"; };
		B164F96F1DCB45F70090CF08 /* StoragesAssembly.swift */ = {isa = PBXFileReference; fileEncoding = 4; lastKnownFileType = sourcecode.swift; path = StoragesAssembly.swift; sourceTree = "<group>"; };
		B164F9701DCB45F70090CF08 /* DataProvidersAssembly.swift */ = {isa = PBXFileReference; fileEncoding = 4; lastKnownFileType = sourcecode.swift; path = DataProvidersAssembly.swift; sourceTree = "<group>"; };
		B164F9761DCC81320090CF08 /* SecureProperty.swift */ = {isa = PBXFileReference; fileEncoding = 4; lastKnownFileType = sourcecode.swift; path = SecureProperty.swift; sourceTree = "<group>"; };
		B1783BE31CB186A400056895 /* DALHelper.swift */ = {isa = PBXFileReference; fileEncoding = 4; lastKnownFileType = sourcecode.swift; name = DALHelper.swift; path = DAL/DALHelper.swift; sourceTree = "<group>"; };
		B1783BE81CB18A2400056895 /* TransactionDataProvider.swift */ = {isa = PBXFileReference; fileEncoding = 4; lastKnownFileType = sourcecode.swift; name = TransactionDataProvider.swift; path = DAL/Interactors/TransactionDataProvider.swift; sourceTree = "<group>"; };
		B1783BEA1CB1A34B00056895 /* CategoryDataProvider.swift */ = {isa = PBXFileReference; fileEncoding = 4; lastKnownFileType = sourcecode.swift; name = CategoryDataProvider.swift; path = DAL/Interactors/CategoryDataProvider.swift; sourceTree = "<group>"; };
		B1783BEC1CB1A77200056895 /* TransactionInteractorTests.swift */ = {isa = PBXFileReference; fileEncoding = 4; lastKnownFileType = sourcecode.swift; path = TransactionInteractorTests.swift; sourceTree = "<group>"; };
		B1783BEF1CB1A8C600056895 /* MockDAL.swift */ = {isa = PBXFileReference; fileEncoding = 4; lastKnownFileType = sourcecode.swift; name = MockDAL.swift; path = DAL/Mock/MockDAL.swift; sourceTree = "<group>"; };
		B1783BF11CB1BA4800056895 /* CategoryInteractorTests.swift */ = {isa = PBXFileReference; fileEncoding = 4; lastKnownFileType = sourcecode.swift; path = CategoryInteractorTests.swift; sourceTree = "<group>"; };
		B1783BF71CB2FAA200056895 /* Router.swift */ = {isa = PBXFileReference; fileEncoding = 4; lastKnownFileType = sourcecode.swift; name = Router.swift; path = Presenter/Router.swift; sourceTree = "<group>"; };
		B1783BFA1CB2FCB600056895 /* InputViewPresenterProtocol.swift */ = {isa = PBXFileReference; fileEncoding = 4; lastKnownFileType = sourcecode.swift; name = InputViewPresenterProtocol.swift; path = Presenter/Input/InputViewPresenterProtocol.swift; sourceTree = "<group>"; };
		B1783BFF1CB2FDF100056895 /* InputViewProtocol.swift */ = {isa = PBXFileReference; fileEncoding = 4; lastKnownFileType = sourcecode.swift; name = InputViewProtocol.swift; path = View/Input/InputViewProtocol.swift; sourceTree = "<group>"; };
		B1783C011CB3039500056895 /* InputViewController.swift */ = {isa = PBXFileReference; fileEncoding = 4; lastKnownFileType = sourcecode.swift; name = InputViewController.swift; path = View/Input/InputViewController.swift; sourceTree = "<group>"; };
		B1783C041CB3059800056895 /* Constants.swift */ = {isa = PBXFileReference; fileEncoding = 4; lastKnownFileType = sourcecode.swift; name = Constants.swift; path = Utils/Constants.swift; sourceTree = "<group>"; };
		B1783C061CB3073F00056895 /* InputViewPresenter.swift */ = {isa = PBXFileReference; fileEncoding = 4; lastKnownFileType = sourcecode.swift; name = InputViewPresenter.swift; path = Presenter/Input/InputViewPresenter.swift; sourceTree = "<group>"; };
		B1783C081CB30A1000056895 /* PresentableView.swift */ = {isa = PBXFileReference; fileEncoding = 4; lastKnownFileType = sourcecode.swift; name = PresentableView.swift; path = Presenter/PresentableView.swift; sourceTree = "<group>"; };
		B1783C0B1CB3978900056895 /* NavigationPresenterProtocol.swift */ = {isa = PBXFileReference; fileEncoding = 4; lastKnownFileType = sourcecode.swift; name = NavigationPresenterProtocol.swift; path = Presenter/Navigation/NavigationPresenterProtocol.swift; sourceTree = "<group>"; };
		B1783C0E1CB3981B00056895 /* NavigationViewProtocol.swift */ = {isa = PBXFileReference; fileEncoding = 4; lastKnownFileType = sourcecode.swift; name = NavigationViewProtocol.swift; path = View/Navigation/NavigationViewProtocol.swift; sourceTree = "<group>"; };
		B1783C101CB398E400056895 /* SwipeNavigationController.swift */ = {isa = PBXFileReference; fileEncoding = 4; lastKnownFileType = sourcecode.swift; name = SwipeNavigationController.swift; path = View/Navigation/SwipeNavigationController.swift; sourceTree = "<group>"; };
		B1783C131CB3A5AB00056895 /* SwipeNavigationPresenter.swift */ = {isa = PBXFileReference; fileEncoding = 4; lastKnownFileType = sourcecode.swift; name = SwipeNavigationPresenter.swift; path = Presenter/Navigation/SwipeNavigationPresenter.swift; sourceTree = "<group>"; };
		B1783C191CB3B26C00056895 /* ChartsViewPresenterProtocol.swift */ = {isa = PBXFileReference; fileEncoding = 4; lastKnownFileType = sourcecode.swift; name = ChartsViewPresenterProtocol.swift; path = Presenter/Charts/ChartsViewPresenterProtocol.swift; sourceTree = "<group>"; };
		B1783C1D1CB3B44000056895 /* ChartsViewProtocol.swift */ = {isa = PBXFileReference; fileEncoding = 4; lastKnownFileType = sourcecode.swift; name = ChartsViewProtocol.swift; path = View/Charts/ChartsViewProtocol.swift; sourceTree = "<group>"; };
		B1783C1F1CB3B50600056895 /* ChartsViewPresenter.swift */ = {isa = PBXFileReference; fileEncoding = 4; lastKnownFileType = sourcecode.swift; name = ChartsViewPresenter.swift; path = Presenter/Charts/ChartsViewPresenter.swift; sourceTree = "<group>"; };
		B1783C211CB3B6B500056895 /* ChartsViewController.swift */ = {isa = PBXFileReference; fileEncoding = 4; lastKnownFileType = sourcecode.swift; name = ChartsViewController.swift; path = View/Charts/ChartsViewController.swift; sourceTree = "<group>"; };
		B1783C241CB3C73600056895 /* SettingsViewPresenterProtocol.swift */ = {isa = PBXFileReference; fileEncoding = 4; lastKnownFileType = sourcecode.swift; name = SettingsViewPresenterProtocol.swift; path = Presenter/Settings/SettingsViewPresenterProtocol.swift; sourceTree = "<group>"; };
		B1783C271CB3C78000056895 /* SettingsViewProtocol.swift */ = {isa = PBXFileReference; fileEncoding = 4; lastKnownFileType = sourcecode.swift; name = SettingsViewProtocol.swift; path = View/Settings/SettingsViewProtocol.swift; sourceTree = "<group>"; };
		B1783C291CB3C83500056895 /* SettingsViewPresenter.swift */ = {isa = PBXFileReference; fileEncoding = 4; lastKnownFileType = sourcecode.swift; name = SettingsViewPresenter.swift; path = Presenter/Settings/SettingsViewPresenter.swift; sourceTree = "<group>"; };
		B1783C2B1CB3CA6A00056895 /* SettingsViewController.swift */ = {isa = PBXFileReference; fileEncoding = 4; lastKnownFileType = sourcecode.swift; name = SettingsViewController.swift; path = View/Settings/SettingsViewController.swift; sourceTree = "<group>"; };
		B187859B1CA98E6A00DD18E9 /* PFM.app */ = {isa = PBXFileReference; explicitFileType = wrapper.application; includeInIndex = 0; path = PFM.app; sourceTree = BUILT_PRODUCTS_DIR; };
		B187859E1CA98E6A00DD18E9 /* AppDelegate.swift */ = {isa = PBXFileReference; lastKnownFileType = sourcecode.swift; path = AppDelegate.swift; sourceTree = "<group>"; };
		B18785A31CA98E6A00DD18E9 /* Base */ = {isa = PBXFileReference; lastKnownFileType = file.storyboard; name = Base; path = Base.lproj/Main.storyboard; sourceTree = "<group>"; };
		B18785A51CA98E6A00DD18E9 /* Assets.xcassets */ = {isa = PBXFileReference; lastKnownFileType = folder.assetcatalog; path = Assets.xcassets; sourceTree = "<group>"; };
		B18785A81CA98E6A00DD18E9 /* Base */ = {isa = PBXFileReference; lastKnownFileType = file.storyboard; name = Base; path = Base.lproj/LaunchScreen.storyboard; sourceTree = "<group>"; };
		B18785AA1CA98E6A00DD18E9 /* Info.plist */ = {isa = PBXFileReference; lastKnownFileType = text.plist.xml; path = Info.plist; sourceTree = "<group>"; };
		B18785AF1CA98E6A00DD18E9 /* PFMTests.xctest */ = {isa = PBXFileReference; explicitFileType = wrapper.cfbundle; includeInIndex = 0; path = PFMTests.xctest; sourceTree = BUILT_PRODUCTS_DIR; };
		B18785B51CA98E6A00DD18E9 /* Info.plist */ = {isa = PBXFileReference; lastKnownFileType = text.plist.xml; path = Info.plist; sourceTree = "<group>"; };
		B18785D31CA9928500DD18E9 /* CategoryModel.swift */ = {isa = PBXFileReference; fileEncoding = 4; lastKnownFileType = sourcecode.swift; name = CategoryModel.swift; path = DAL/Realm/CategoryModel.swift; sourceTree = "<group>"; };
		B18785D71CA99AE000DD18E9 /* ModelObject.swift */ = {isa = PBXFileReference; fileEncoding = 4; lastKnownFileType = sourcecode.swift; name = ModelObject.swift; path = DAL/Realm/ModelObject.swift; sourceTree = "<group>"; };
		B18785DA1CA99B4800DD18E9 /* TransactionModel.swift */ = {isa = PBXFileReference; fileEncoding = 4; lastKnownFileType = sourcecode.swift; name = TransactionModel.swift; path = DAL/Realm/TransactionModel.swift; sourceTree = "<group>"; };
		B18785DC1CA99CDA00DD18E9 /* UserModel.swift */ = {isa = PBXFileReference; fileEncoding = 4; lastKnownFileType = sourcecode.swift; name = UserModel.swift; path = DAL/Realm/UserModel.swift; sourceTree = "<group>"; };
		B18B5E9C1CF48229008427C0 /* CurrentTransactionDataProvider.swift */ = {isa = PBXFileReference; fileEncoding = 4; lastKnownFileType = sourcecode.swift; name = CurrentTransactionDataProvider.swift; path = DAL/Interactors/CurrentTransactionDataProvider.swift; sourceTree = "<group>"; };
		B1DA8A6C1CEA80A700C51E85 /* LocationPickerPresenter.swift */ = {isa = PBXFileReference; fileEncoding = 4; lastKnownFileType = sourcecode.swift; name = LocationPickerPresenter.swift; path = Presenter/Input/LocationPickerPresenter.swift; sourceTree = "<group>"; };
		B1DA8A6D1CEA80A700C51E85 /* LocationPickerPresenterProtocol.swift */ = {isa = PBXFileReference; fileEncoding = 4; lastKnownFileType = sourcecode.swift; name = LocationPickerPresenterProtocol.swift; path = Presenter/Input/LocationPickerPresenterProtocol.swift; sourceTree = "<group>"; };
		B1DA8A731CEA80E500C51E85 /* LocationPickerViewProtocol.swift */ = {isa = PBXFileReference; fileEncoding = 4; lastKnownFileType = sourcecode.swift; name = LocationPickerViewProtocol.swift; path = View/Input/LocationPicker/LocationPickerViewProtocol.swift; sourceTree = "<group>"; };
		B1DA8A741CEA80E500C51E85 /* PLocationPickerViewController.swift */ = {isa = PBXFileReference; fileEncoding = 4; lastKnownFileType = sourcecode.swift; name = PLocationPickerViewController.swift; path = View/Input/LocationPicker/PLocationPickerViewController.swift; sourceTree = "<group>"; };
		E26D7E6B1CCE49F000454C08 /* PresentingTransitionAnimator.swift */ = {isa = PBXFileReference; fileEncoding = 4; lastKnownFileType = sourcecode.swift; name = PresentingTransitionAnimator.swift; path = CustomControls/CustomTransitions/PresentingTransitionAnimator.swift; sourceTree = "<group>"; };
		E26D7E6D1CCE4A4100454C08 /* CategoriesTransition.swift */ = {isa = PBXFileReference; fileEncoding = 4; lastKnownFileType = sourcecode.swift; name = CategoriesTransition.swift; path = CustomControls/CustomTransitions/CategoriesTransition.swift; sourceTree = "<group>"; };
		E26D7E701CCE4AF900454C08 /* CategoriesViewProtocol.swift */ = {isa = PBXFileReference; fileEncoding = 4; lastKnownFileType = sourcecode.swift; name = CategoriesViewProtocol.swift; path = View/Categories/CategoriesViewProtocol.swift; sourceTree = "<group>"; };
		E26D7E721CCE4B1D00454C08 /* CategoriesViewController.swift */ = {isa = PBXFileReference; fileEncoding = 4; lastKnownFileType = sourcecode.swift; name = CategoriesViewController.swift; path = View/Categories/CategoriesViewController.swift; sourceTree = "<group>"; };
		E26D7E731CCE4B1D00454C08 /* CategoriesViewController.xib */ = {isa = PBXFileReference; fileEncoding = 4; lastKnownFileType = file.xib; name = CategoriesViewController.xib; path = View/Categories/CategoriesViewController.xib; sourceTree = "<group>"; };
		E26D7E761CCE5B8600454C08 /* CategoryCollectionViewCell.swift */ = {isa = PBXFileReference; fileEncoding = 4; lastKnownFileType = sourcecode.swift; name = CategoryCollectionViewCell.swift; path = View/Categories/Cell/CategoryCollectionViewCell.swift; sourceTree = "<group>"; };
		E26D7E771CCE5B8600454C08 /* CategoryCollectionViewCell.xib */ = {isa = PBXFileReference; fileEncoding = 4; lastKnownFileType = file.xib; name = CategoryCollectionViewCell.xib; path = View/Categories/Cell/CategoryCollectionViewCell.xib; sourceTree = "<group>"; };
		E2D55DE01CF47A56002343BD /* HistoryViewController.swift */ = {isa = PBXFileReference; fileEncoding = 4; lastKnownFileType = sourcecode.swift; name = HistoryViewController.swift; path = View/History/HistoryViewController.swift; sourceTree = "<group>"; };
		E2D55DE31CF47BA4002343BD /* HistoryCollectionViewCell.swift */ = {isa = PBXFileReference; fileEncoding = 4; lastKnownFileType = sourcecode.swift; name = HistoryCollectionViewCell.swift; path = View/History/Cell/HistoryCollectionViewCell.swift; sourceTree = "<group>"; };
		E2D55DE51CF47C61002343BD /* History.storyboard */ = {isa = PBXFileReference; fileEncoding = 4; lastKnownFileType = file.storyboard; name = History.storyboard; path = View/History/History.storyboard; sourceTree = "<group>"; };
		E2D55DE71CF47DE3002343BD /* HistoryHeaderCollectionReusableView.swift */ = {isa = PBXFileReference; fileEncoding = 4; lastKnownFileType = sourcecode.swift; name = HistoryHeaderCollectionReusableView.swift; path = View/History/Cell/HistoryHeaderCollectionReusableView.swift; sourceTree = "<group>"; };
		E2D55DE91CF48491002343BD /* HistoryTransition.swift */ = {isa = PBXFileReference; fileEncoding = 4; lastKnownFileType = sourcecode.swift; name = HistoryTransition.swift; path = CustomControls/CustomTransitions/HistoryTransition.swift; sourceTree = "<group>"; };
		E2DEB6851CE1CCA800843D99 /* Montserrat-Regular.otf */ = {isa = PBXFileReference; lastKnownFileType = file; name = "Montserrat-Regular.otf"; path = "SupportingFiles/Fonts/Montserrat-Regular.otf"; sourceTree = "<group>"; };
		E2DEB6871CE1CCB400843D99 /* Montserrat-Light.otf */ = {isa = PBXFileReference; lastKnownFileType = file; name = "Montserrat-Light.otf"; path = "SupportingFiles/Fonts/Montserrat-Light.otf"; sourceTree = "<group>"; };
		E2DEB6881CE1CCB400843D99 /* Montserrat-UltraLight.otf */ = {isa = PBXFileReference; lastKnownFileType = file; name = "Montserrat-UltraLight.otf"; path = "SupportingFiles/Fonts/Montserrat-UltraLight.otf"; sourceTree = "<group>"; };
		FAAE10BAECD01C0AE59F68FA /* Pods-PFM.release.xcconfig */ = {isa = PBXFileReference; includeInIndex = 1; lastKnownFileType = text.xcconfig; name = "Pods-PFM.release.xcconfig"; path = "Pods/Target Support Files/Pods-PFM/Pods-PFM.release.xcconfig"; sourceTree = "<group>"; };
		FCB30EA42510CFE7C728A926 /* Pods_PFM.framework */ = {isa = PBXFileReference; explicitFileType = wrapper.framework; includeInIndex = 0; path = Pods_PFM.framework; sourceTree = BUILT_PRODUCTS_DIR; };
/* End PBXFileReference section */

/* Begin PBXFrameworksBuildPhase section */
		95724E636CC023FC24797334 /* Frameworks */ = {
			isa = PBXFrameworksBuildPhase;
			buildActionMask = 2147483647;
			files = (
			);
			runOnlyForDeploymentPostprocessing = 0;
		};
		B12655C11DBEBE4500AEDED5 /* Frameworks */ = {
			isa = PBXFrameworksBuildPhase;
			buildActionMask = 2147483647;
			files = (
			);
			runOnlyForDeploymentPostprocessing = 0;
		};
		B1308C381CF45529002965EA /* Frameworks */ = {
			isa = PBXFrameworksBuildPhase;
			buildActionMask = 2147483647;
			files = (
			);
			runOnlyForDeploymentPostprocessing = 0;
		};
		B18785981CA98E6A00DD18E9 /* Frameworks */ = {
			isa = PBXFrameworksBuildPhase;
			buildActionMask = 2147483647;
			files = (
				E2E16E6B4AC6369341EC3306 /* Pods_PFM.framework in Frameworks */,
			);
			runOnlyForDeploymentPostprocessing = 0;
		};
		B18785AC1CA98E6A00DD18E9 /* Frameworks */ = {
			isa = PBXFrameworksBuildPhase;
			buildActionMask = 2147483647;
			files = (
				664F8F5F6E4C799A07F1FC75 /* Pods_PFMTests.framework in Frameworks */,
			);
			runOnlyForDeploymentPostprocessing = 0;
		};
/* End PBXFrameworksBuildPhase section */

/* Begin PBXGroup section */
		A7CC2DEF8669AB3A82BAE3F8 /* Pods */ = {
			isa = PBXGroup;
			children = (
				984963EEF1421C9ADFADB024 /* Pods-PFM.debug.xcconfig */,
				FAAE10BAECD01C0AE59F68FA /* Pods-PFM.release.xcconfig */,
				68A320BA307D58FB7683BFA2 /* Pods-PFMTests.debug.xcconfig */,
				9C5782FE39953D33BC631016 /* Pods-PFMTests.release.xcconfig */,
			);
			name = Pods;
			sourceTree = "<group>";
		};
		B120CA801CCBC8F500E9985B /* Numberpad */ = {
			isa = PBXGroup;
			children = (
				B120CA811CCBC93500E9985B /* NumpadViewController.swift */,
				B120CA821CCBC93500E9985B /* NumpadViewController.xib */,
			);
			name = Numberpad;
			sourceTree = "<group>";
		};
		B12655B91DBEBE4500AEDED5 /* PFM_watch */ = {
			isa = PBXGroup;
			children = (
				B12655BA1DBEBE4500AEDED5 /* Interface.storyboard */,
				B12655BD1DBEBE4500AEDED5 /* Assets.xcassets */,
				B12655BF1DBEBE4500AEDED5 /* Info.plist */,
			);
			path = PFM_watch;
			sourceTree = "<group>";
		};
		B12655C81DBEBE4500AEDED5 /* PFM_watch Extension */ = {
			isa = PBXGroup;
			children = (
				B12655CB1DBEBE4500AEDED5 /* ExtensionDelegate.swift */,
				B12655CD1DBEBE4500AEDED5 /* Assets.xcassets */,
				B12655CF1DBEBE4500AEDED5 /* Info.plist */,
				B12655DB1DBEC1DE00AEDED5 /* InputInterfaceController.swift */,
			);
			path = "PFM_watch Extension";
			sourceTree = "<group>";
		};
		B1308C3C1CF45529002965EA /* PFMUITests */ = {
			isa = PBXGroup;
			children = (
				B1308C3F1CF45529002965EA /* Info.plist */,
			);
			path = PFMUITests;
			sourceTree = "<group>";
		};
		B164F96B1DCB45D10090CF08 /* Assemblies */ = {
			isa = PBXGroup;
			children = (
				B164F96C1DCB45F70090CF08 /* ApplicationAssembly.swift */,
				B164F96D1DCB45F70090CF08 /* ServicesAssembly.swift */,
				B164F96E1DCB45F70090CF08 /* ManagersAssembly.swift */,
				B164F96F1DCB45F70090CF08 /* StoragesAssembly.swift */,
				B164F9701DCB45F70090CF08 /* DataProvidersAssembly.swift */,
			);
			path = Assemblies;
			sourceTree = "<group>";
		};
		B1783BE71CB18A0500056895 /* DataProviders */ = {
			isa = PBXGroup;
			children = (
				B1783BE81CB18A2400056895 /* TransactionDataProvider.swift */,
				B1783BEA1CB1A34B00056895 /* CategoryDataProvider.swift */,
				B18B5E9C1CF48229008427C0 /* CurrentTransactionDataProvider.swift */,
			);
			name = DataProviders;
			sourceTree = "<group>";
		};
		B1783BEE1CB1A85600056895 /* Mock */ = {
			isa = PBXGroup;
			children = (
				B1783BEF1CB1A8C600056895 /* MockDAL.swift */,
			);
			name = Mock;
			sourceTree = "<group>";
		};
		B1783BF41CB2FA6900056895 /* Model */ = {
			isa = PBXGroup;
			children = (
				B1783BEE1CB1A85600056895 /* Mock */,
				B1783BE71CB18A0500056895 /* DataProviders */,
				B18785CD1CA991EE00DD18E9 /* Realm */,
				B164F9761DCC81320090CF08 /* SecureProperty.swift */,
				B1783BE31CB186A400056895 /* DALHelper.swift */,
			);
			name = Model;
			sourceTree = "<group>";
		};
		B1783BF51CB2FA7600056895 /* View */ = {
			isa = PBXGroup;
			children = (
				B120CA801CCBC8F500E9985B /* Numberpad */,
				B1783C151CB3A81B00056895 /* General */,
				B1783C0D1CB397C400056895 /* Navigation */,
				B1783BFE1CB2FD9800056895 /* Input */,
				B1783C1B1CB3B40F00056895 /* Charts */,
				E26D7E6F1CCE4AB900454C08 /* Categories */,
				E2D55DDF1CF479FF002343BD /* History */,
				B1783C261CB3C74A00056895 /* Settings */,
			);
			name = View;
			sourceTree = "<group>";
		};
		B1783BF61CB2FA7A00056895 /* Presenter */ = {
			isa = PBXGroup;
			children = (
				B1783C081CB30A1000056895 /* PresentableView.swift */,
				B1783C0A1CB3971900056895 /* Navigation */,
				B1783BF91CB2FBBC00056895 /* Input */,
				B1783C181CB3B25300056895 /* Charts */,
				B1783C231CB3C71300056895 /* Settings */,
				B1783BF71CB2FAA200056895 /* Router.swift */,
			);
			name = Presenter;
			sourceTree = "<group>";
		};
		B1783BF91CB2FBBC00056895 /* Input */ = {
			isa = PBXGroup;
			children = (
				B1DA8A6C1CEA80A700C51E85 /* LocationPickerPresenter.swift */,
				B1DA8A6D1CEA80A700C51E85 /* LocationPickerPresenterProtocol.swift */,
				B1783BFA1CB2FCB600056895 /* InputViewPresenterProtocol.swift */,
				B1783C061CB3073F00056895 /* InputViewPresenter.swift */,
				B120CA8B1CCD13F100E9985B /* InputContentPresenterProtocol.swift */,
				B120CA8F1CCD157000E9985B /* InputContentPresenter.swift */,
			);
			name = Input;
			sourceTree = "<group>";
		};
		B1783BFE1CB2FD9800056895 /* Input */ = {
			isa = PBXGroup;
			children = (
				B1DA8A721CEA80CE00C51E85 /* LocationPicker */,
				B1783BFF1CB2FDF100056895 /* InputViewProtocol.swift */,
				B1783C011CB3039500056895 /* InputViewController.swift */,
				B120CA7A1CCBC64900E9985B /* InputStoryboard.storyboard */,
				B120CA8D1CCD142B00E9985B /* InputContentViewProtocol.swift */,
				B120CA911CCD15F700E9985B /* InputContentViewController.swift */,
			);
			name = Input;
			sourceTree = "<group>";
		};
		B1783C031CB3058300056895 /* Utils */ = {
			isa = PBXGroup;
			children = (
				B12655AD1DBEB58600AEDED5 /* ImageHelper.swift */,
				B12655AF1DBEB9E500AEDED5 /* LoaderProtocol.swift */,
				B12655AB1DBEB57600AEDED5 /* AlertProtocol.swift */,
				B1783C041CB3059800056895 /* Constants.swift */,
				B120CA851CCCFDC100E9985B /* Extensions.swift */,
				B12655A91DBEB48D00AEDED5 /* UserDefaults.swift */,
			);
			name = Utils;
			sourceTree = "<group>";
		};
		B1783C0A1CB3971900056895 /* Navigation */ = {
			isa = PBXGroup;
			children = (
				B1783C0B1CB3978900056895 /* NavigationPresenterProtocol.swift */,
				B1783C131CB3A5AB00056895 /* SwipeNavigationPresenter.swift */,
			);
			name = Navigation;
			sourceTree = "<group>";
		};
		B1783C0D1CB397C400056895 /* Navigation */ = {
			isa = PBXGroup;
			children = (
				B1783C0E1CB3981B00056895 /* NavigationViewProtocol.swift */,
				B1783C101CB398E400056895 /* SwipeNavigationController.swift */,
			);
			name = Navigation;
			sourceTree = "<group>";
		};
		B1783C151CB3A81B00056895 /* General */ = {
			isa = PBXGroup;
			children = (
			);
			name = General;
			sourceTree = "<group>";
		};
		B1783C181CB3B25300056895 /* Charts */ = {
			isa = PBXGroup;
			children = (
				B1783C191CB3B26C00056895 /* ChartsViewPresenterProtocol.swift */,
				B1783C1F1CB3B50600056895 /* ChartsViewPresenter.swift */,
			);
			name = Charts;
			sourceTree = "<group>";
		};
		B1783C1B1CB3B40F00056895 /* Charts */ = {
			isa = PBXGroup;
			children = (
				B1783C1D1CB3B44000056895 /* ChartsViewProtocol.swift */,
				B1783C211CB3B6B500056895 /* ChartsViewController.swift */,
				B120CA7C1CCBC65B00E9985B /* ChartsStoryboard.storyboard */,
			);
			name = Charts;
			sourceTree = "<group>";
		};
		B1783C231CB3C71300056895 /* Settings */ = {
			isa = PBXGroup;
			children = (
				B1783C241CB3C73600056895 /* SettingsViewPresenterProtocol.swift */,
				B1783C291CB3C83500056895 /* SettingsViewPresenter.swift */,
			);
			name = Settings;
			sourceTree = "<group>";
		};
		B1783C261CB3C74A00056895 /* Settings */ = {
			isa = PBXGroup;
			children = (
				B1783C271CB3C78000056895 /* SettingsViewProtocol.swift */,
				B1783C2B1CB3CA6A00056895 /* SettingsViewController.swift */,
				B120CA7E1CCBC67800E9985B /* SettingsStoryboard.storyboard */,
			);
			name = Settings;
			sourceTree = "<group>";
		};
		B18785921CA98E6A00DD18E9 = {
			isa = PBXGroup;
			children = (
				B187859D1CA98E6A00DD18E9 /* PFM */,
				B18785B21CA98E6A00DD18E9 /* PFMTests */,
				B1308C3C1CF45529002965EA /* PFMUITests */,
				B12655B91DBEBE4500AEDED5 /* PFM_watch */,
				B12655C81DBEBE4500AEDED5 /* PFM_watch Extension */,
				B187859C1CA98E6A00DD18E9 /* Products */,
				A7CC2DEF8669AB3A82BAE3F8 /* Pods */,
				BE12B7556DFBA4FF4BE8DF6A /* Frameworks */,
			);
			sourceTree = "<group>";
		};
		B187859C1CA98E6A00DD18E9 /* Products */ = {
			isa = PBXGroup;
			children = (
				B187859B1CA98E6A00DD18E9 /* PFM.app */,
				B18785AF1CA98E6A00DD18E9 /* PFMTests.xctest */,
				B1308C3B1CF45529002965EA /* PFMUITests.xctest */,
				B12655B81DBEBE4500AEDED5 /* PFM_watch.app */,
				B12655C41DBEBE4500AEDED5 /* PFM_watch Extension.appex */,
			);
			name = Products;
			sourceTree = "<group>";
		};
		B187859D1CA98E6A00DD18E9 /* PFM */ = {
			isa = PBXGroup;
			children = (
				B187859E1CA98E6A00DD18E9 /* AppDelegate.swift */,
				B18785A21CA98E6A00DD18E9 /* Main.storyboard */,
				B18785A71CA98E6A00DD18E9 /* LaunchScreen.storyboard */,
				B18785A51CA98E6A00DD18E9 /* Assets.xcassets */,
				B164F96B1DCB45D10090CF08 /* Assemblies */,
				E26D7E691CCE496100454C08 /* CustomControls */,
				B1783BF41CB2FA6900056895 /* Model */,
				B1783BF61CB2FA7A00056895 /* Presenter */,
				B1783BF51CB2FA7600056895 /* View */,
				B1783C031CB3058300056895 /* Utils */,
				E2DEB6831CE1CC2600843D99 /* SupportingFiles */,
			);
			path = PFM;
			sourceTree = "<group>";
		};
		B18785B21CA98E6A00DD18E9 /* PFMTests */ = {
			isa = PBXGroup;
			children = (
				B18785B51CA98E6A00DD18E9 /* Info.plist */,
				B1783BEC1CB1A77200056895 /* TransactionInteractorTests.swift */,
				B1783BF11CB1BA4800056895 /* CategoryInteractorTests.swift */,
			);
			path = PFMTests;
			sourceTree = "<group>";
		};
		B18785CD1CA991EE00DD18E9 /* Realm */ = {
			isa = PBXGroup;
			children = (
				B18785D31CA9928500DD18E9 /* CategoryModel.swift */,
				B18785DA1CA99B4800DD18E9 /* TransactionModel.swift */,
				B18785D71CA99AE000DD18E9 /* ModelObject.swift */,
				B18785DC1CA99CDA00DD18E9 /* UserModel.swift */,
			);
			name = Realm;
			sourceTree = "<group>";
		};
		B1DA8A721CEA80CE00C51E85 /* LocationPicker */ = {
			isa = PBXGroup;
			children = (
				B1DA8A731CEA80E500C51E85 /* LocationPickerViewProtocol.swift */,
				B1DA8A741CEA80E500C51E85 /* PLocationPickerViewController.swift */,
			);
			name = LocationPicker;
			sourceTree = "<group>";
		};
		BE12B7556DFBA4FF4BE8DF6A /* Frameworks */ = {
			isa = PBXGroup;
			children = (
				FCB30EA42510CFE7C728A926 /* Pods_PFM.framework */,
				7091C38F41F13C9AAB4AEDAA /* Pods_PFMTests.framework */,
			);
			name = Frameworks;
			sourceTree = "<group>";
		};
		E26D7E691CCE496100454C08 /* CustomControls */ = {
			isa = PBXGroup;
			children = (
				E26D7E6A1CCE497100454C08 /* CustomTransitions */,
			);
			name = CustomControls;
			sourceTree = "<group>";
		};
		E26D7E6A1CCE497100454C08 /* CustomTransitions */ = {
			isa = PBXGroup;
			children = (
				E26D7E6B1CCE49F000454C08 /* PresentingTransitionAnimator.swift */,
				E26D7E6D1CCE4A4100454C08 /* CategoriesTransition.swift */,
				E2D55DE91CF48491002343BD /* HistoryTransition.swift */,
			);
			name = CustomTransitions;
			sourceTree = "<group>";
		};
		E26D7E6F1CCE4AB900454C08 /* Categories */ = {
			isa = PBXGroup;
			children = (
				E26D7E7A1CCE5B8C00454C08 /* Cell */,
				E26D7E701CCE4AF900454C08 /* CategoriesViewProtocol.swift */,
				E26D7E721CCE4B1D00454C08 /* CategoriesViewController.swift */,
				E26D7E731CCE4B1D00454C08 /* CategoriesViewController.xib */,
			);
			name = Categories;
			sourceTree = "<group>";
		};
		E26D7E7A1CCE5B8C00454C08 /* Cell */ = {
			isa = PBXGroup;
			children = (
				E26D7E761CCE5B8600454C08 /* CategoryCollectionViewCell.swift */,
				E26D7E771CCE5B8600454C08 /* CategoryCollectionViewCell.xib */,
			);
			name = Cell;
			sourceTree = "<group>";
		};
		E2D55DDF1CF479FF002343BD /* History */ = {
			isa = PBXGroup;
			children = (
				E2D55DE21CF47B83002343BD /* Cells */,
				E2D55DE01CF47A56002343BD /* HistoryViewController.swift */,
				E2D55DE51CF47C61002343BD /* History.storyboard */,
			);
			name = History;
			sourceTree = "<group>";
		};
		E2D55DE21CF47B83002343BD /* Cells */ = {
			isa = PBXGroup;
			children = (
				E2D55DE71CF47DE3002343BD /* HistoryHeaderCollectionReusableView.swift */,
				E2D55DE31CF47BA4002343BD /* HistoryCollectionViewCell.swift */,
			);
			name = Cells;
			sourceTree = "<group>";
		};
		E2DEB6831CE1CC2600843D99 /* SupportingFiles */ = {
			isa = PBXGroup;
			children = (
				E2DEB6841CE1CC5000843D99 /* Fonts */,
				B18785AA1CA98E6A00DD18E9 /* Info.plist */,
				B120CA8A1CCD068B00E9985B /* PFM-BridgingHeader.h */,
				B12655B51DBEBCC000AEDED5 /* Localizable.strings */,
			);
			name = SupportingFiles;
			sourceTree = "<group>";
		};
		E2DEB6841CE1CC5000843D99 /* Fonts */ = {
			isa = PBXGroup;
			children = (
				E2DEB6851CE1CCA800843D99 /* Montserrat-Regular.otf */,
				E2DEB6871CE1CCB400843D99 /* Montserrat-Light.otf */,
				E2DEB6881CE1CCB400843D99 /* Montserrat-UltraLight.otf */,
			);
			name = Fonts;
			sourceTree = "<group>";
		};
/* End PBXGroup section */

/* Begin PBXNativeTarget section */
		B12655B71DBEBE4500AEDED5 /* PFM_watch */ = {
			isa = PBXNativeTarget;
			buildConfigurationList = B12655D71DBEBE4500AEDED5 /* Build configuration list for PBXNativeTarget "PFM_watch" */;
			buildPhases = (
				B12655B61DBEBE4500AEDED5 /* Resources */,
				B12655D61DBEBE4500AEDED5 /* Embed App Extensions */,
				95724E636CC023FC24797334 /* Frameworks */,
			);
			buildRules = (
			);
			dependencies = (
				B12655C71DBEBE4500AEDED5 /* PBXTargetDependency */,
			);
			name = PFM_watch;
			productName = PFM_watch;
			productReference = B12655B81DBEBE4500AEDED5 /* PFM_watch.app */;
			productType = "com.apple.product-type.application.watchapp2";
		};
		B12655C31DBEBE4500AEDED5 /* PFM_watch Extension */ = {
			isa = PBXNativeTarget;
			buildConfigurationList = B12655D31DBEBE4500AEDED5 /* Build configuration list for PBXNativeTarget "PFM_watch Extension" */;
			buildPhases = (
				B12655C01DBEBE4500AEDED5 /* Sources */,
				B12655C11DBEBE4500AEDED5 /* Frameworks */,
				B12655C21DBEBE4500AEDED5 /* Resources */,
			);
			buildRules = (
			);
			dependencies = (
			);
			name = "PFM_watch Extension";
			productName = "PFM_watch Extension";
			productReference = B12655C41DBEBE4500AEDED5 /* PFM_watch Extension.appex */;
			productType = "com.apple.product-type.watchkit2-extension";
		};
		B1308C3A1CF45529002965EA /* PFMUITests */ = {
			isa = PBXNativeTarget;
			buildConfigurationList = B1308C441CF45529002965EA /* Build configuration list for PBXNativeTarget "PFMUITests" */;
			buildPhases = (
				B1308C371CF45529002965EA /* Sources */,
				B1308C381CF45529002965EA /* Frameworks */,
				B1308C391CF45529002965EA /* Resources */,
			);
			buildRules = (
			);
			dependencies = (
				B1308C411CF45529002965EA /* PBXTargetDependency */,
			);
			name = PFMUITests;
			productName = PFMUITests;
			productReference = B1308C3B1CF45529002965EA /* PFMUITests.xctest */;
			productType = "com.apple.product-type.bundle.ui-testing";
		};
		B187859A1CA98E6A00DD18E9 /* PFM */ = {
			isa = PBXNativeTarget;
			buildConfigurationList = B18785C31CA98E6A00DD18E9 /* Build configuration list for PBXNativeTarget "PFM" */;
			buildPhases = (
				ECD23364253C265635C227C0 /* [CP] Check Pods Manifest.lock */,
				B18785971CA98E6A00DD18E9 /* Sources */,
				B18785981CA98E6A00DD18E9 /* Frameworks */,
				B18785991CA98E6A00DD18E9 /* Resources */,
				C66688391D412FF2D7269586 /* [CP] Embed Pods Frameworks */,
				1508AB69284D8894B85A984C /* [CP] Copy Pods Resources */,
				B12655DA1DBEBE4500AEDED5 /* Embed Watch Content */,
			);
			buildRules = (
			);
			dependencies = (
				B12655D11DBEBE4500AEDED5 /* PBXTargetDependency */,
			);
			name = PFM;
			productName = PFM;
			productReference = B187859B1CA98E6A00DD18E9 /* PFM.app */;
			productType = "com.apple.product-type.application";
		};
		B18785AE1CA98E6A00DD18E9 /* PFMTests */ = {
			isa = PBXNativeTarget;
			buildConfigurationList = B18785C61CA98E6A00DD18E9 /* Build configuration list for PBXNativeTarget "PFMTests" */;
			buildPhases = (
				C06EE3E69A41BAE59130822D /* [CP] Check Pods Manifest.lock */,
				B18785AB1CA98E6A00DD18E9 /* Sources */,
				B18785AC1CA98E6A00DD18E9 /* Frameworks */,
				B18785AD1CA98E6A00DD18E9 /* Resources */,
				95C356591BE3F38570A5A819 /* [CP] Embed Pods Frameworks */,
				2AC2FD5363CC0E08D407364A /* [CP] Copy Pods Resources */,
			);
			buildRules = (
			);
			dependencies = (
				B18785B11CA98E6A00DD18E9 /* PBXTargetDependency */,
			);
			name = PFMTests;
			productName = PFMTests;
			productReference = B18785AF1CA98E6A00DD18E9 /* PFMTests.xctest */;
			productType = "com.apple.product-type.bundle.unit-test";
		};
/* End PBXNativeTarget section */

/* Begin PBXProject section */
		B18785931CA98E6A00DD18E9 /* Project object */ = {
			isa = PBXProject;
			attributes = {
				LastSwiftUpdateCheck = 0800;
				LastUpgradeCheck = 0730;
				ORGANIZATIONNAME = Pinup;
				TargetAttributes = {
					B12655B71DBEBE4500AEDED5 = {
						CreatedOnToolsVersion = 8.0;
						DevelopmentTeam = 837W344MF8;
						ProvisioningStyle = Automatic;
					};
					B12655C31DBEBE4500AEDED5 = {
						CreatedOnToolsVersion = 8.0;
						DevelopmentTeam = 837W344MF8;
						ProvisioningStyle = Automatic;
					};
					B1308C3A1CF45529002965EA = {
						CreatedOnToolsVersion = 7.3.1;
						TestTargetID = B187859A1CA98E6A00DD18E9;
					};
					B187859A1CA98E6A00DD18E9 = {
						CreatedOnToolsVersion = 7.3;
						DevelopmentTeam = 837W344MF8;
						LastSwiftMigration = 0800;
					};
					B18785AE1CA98E6A00DD18E9 = {
						CreatedOnToolsVersion = 7.3;
						LastSwiftMigration = 0800;
						TestTargetID = B187859A1CA98E6A00DD18E9;
					};
				};
			};
			buildConfigurationList = B18785961CA98E6A00DD18E9 /* Build configuration list for PBXProject "PFM" */;
			compatibilityVersion = "Xcode 3.2";
			developmentRegion = English;
			hasScannedForEncodings = 0;
			knownRegions = (
				en,
				Base,
			);
			mainGroup = B18785921CA98E6A00DD18E9;
			productRefGroup = B187859C1CA98E6A00DD18E9 /* Products */;
			projectDirPath = "";
			projectRoot = "";
			targets = (
				B187859A1CA98E6A00DD18E9 /* PFM */,
				B18785AE1CA98E6A00DD18E9 /* PFMTests */,
				B1308C3A1CF45529002965EA /* PFMUITests */,
				B12655B71DBEBE4500AEDED5 /* PFM_watch */,
				B12655C31DBEBE4500AEDED5 /* PFM_watch Extension */,
			);
		};
/* End PBXProject section */

/* Begin PBXResourcesBuildPhase section */
		B12655B61DBEBE4500AEDED5 /* Resources */ = {
			isa = PBXResourcesBuildPhase;
			buildActionMask = 2147483647;
			files = (
				B12655BE1DBEBE4500AEDED5 /* Assets.xcassets in Resources */,
				B18E82CA1DC93E4500143C34 /* Assets.xcassets in Resources */,
				B12655BC1DBEBE4500AEDED5 /* Interface.storyboard in Resources */,
			);
			runOnlyForDeploymentPostprocessing = 0;
		};
		B12655C21DBEBE4500AEDED5 /* Resources */ = {
			isa = PBXResourcesBuildPhase;
			buildActionMask = 2147483647;
			files = (
				B12655CE1DBEBE4500AEDED5 /* Assets.xcassets in Resources */,
			);
			runOnlyForDeploymentPostprocessing = 0;
		};
		B1308C391CF45529002965EA /* Resources */ = {
			isa = PBXResourcesBuildPhase;
			buildActionMask = 2147483647;
			files = (
			);
			runOnlyForDeploymentPostprocessing = 0;
		};
		B18785991CA98E6A00DD18E9 /* Resources */ = {
			isa = PBXResourcesBuildPhase;
			buildActionMask = 2147483647;
			files = (
				E2DEB6891CE1CCB400843D99 /* Montserrat-Light.otf in Resources */,
				B120CA7F1CCBC67800E9985B /* SettingsStoryboard.storyboard in Resources */,
				B18785A91CA98E6A00DD18E9 /* LaunchScreen.storyboard in Resources */,
				B12655B31DBEBCC000AEDED5 /* Localizable.strings in Resources */,
				E26D7E751CCE4B1D00454C08 /* CategoriesViewController.xib in Resources */,
				E2DEB68A1CE1CCB400843D99 /* Montserrat-UltraLight.otf in Resources */,
				E2DEB6861CE1CCA800843D99 /* Montserrat-Regular.otf in Resources */,
				B18785A61CA98E6A00DD18E9 /* Assets.xcassets in Resources */,
				B120CA7B1CCBC64900E9985B /* InputStoryboard.storyboard in Resources */,
				B120CA841CCBC93500E9985B /* NumpadViewController.xib in Resources */,
				E26D7E791CCE5B8600454C08 /* CategoryCollectionViewCell.xib in Resources */,
				B120CA7D1CCBC65B00E9985B /* ChartsStoryboard.storyboard in Resources */,
				E2D55DE61CF47C61002343BD /* History.storyboard in Resources */,
				B18785A41CA98E6A00DD18E9 /* Main.storyboard in Resources */,
			);
			runOnlyForDeploymentPostprocessing = 0;
		};
		B18785AD1CA98E6A00DD18E9 /* Resources */ = {
			isa = PBXResourcesBuildPhase;
			buildActionMask = 2147483647;
			files = (
			);
			runOnlyForDeploymentPostprocessing = 0;
		};
/* End PBXResourcesBuildPhase section */

/* Begin PBXShellScriptBuildPhase section */
		1508AB69284D8894B85A984C /* [CP] Copy Pods Resources */ = {
			isa = PBXShellScriptBuildPhase;
			buildActionMask = 2147483647;
			files = (
			);
			inputPaths = (
			);
			name = "[CP] Copy Pods Resources";
			outputPaths = (
			);
			runOnlyForDeploymentPostprocessing = 0;
			shellPath = /bin/sh;
			shellScript = "\"${SRCROOT}/Pods/Target Support Files/Pods-PFM/Pods-PFM-resources.sh\"\n";
			showEnvVarsInLog = 0;
		};
		2AC2FD5363CC0E08D407364A /* [CP] Copy Pods Resources */ = {
			isa = PBXShellScriptBuildPhase;
			buildActionMask = 2147483647;
			files = (
			);
			inputPaths = (
			);
			name = "[CP] Copy Pods Resources";
			outputPaths = (
			);
			runOnlyForDeploymentPostprocessing = 0;
			shellPath = /bin/sh;
			shellScript = "\"${SRCROOT}/Pods/Target Support Files/Pods-PFMTests/Pods-PFMTests-resources.sh\"\n";
			showEnvVarsInLog = 0;
		};
		95C356591BE3F38570A5A819 /* [CP] Embed Pods Frameworks */ = {
			isa = PBXShellScriptBuildPhase;
			buildActionMask = 2147483647;
			files = (
			);
			inputPaths = (
			);
			name = "[CP] Embed Pods Frameworks";
			outputPaths = (
			);
			runOnlyForDeploymentPostprocessing = 0;
			shellPath = /bin/sh;
			shellScript = "\"${SRCROOT}/Pods/Target Support Files/Pods-PFMTests/Pods-PFMTests-frameworks.sh\"\n";
			showEnvVarsInLog = 0;
		};
		C06EE3E69A41BAE59130822D /* [CP] Check Pods Manifest.lock */ = {
			isa = PBXShellScriptBuildPhase;
			buildActionMask = 2147483647;
			files = (
			);
			inputPaths = (
			);
			name = "[CP] Check Pods Manifest.lock";
			outputPaths = (
			);
			runOnlyForDeploymentPostprocessing = 0;
			shellPath = /bin/sh;
			shellScript = "diff \"${PODS_ROOT}/../Podfile.lock\" \"${PODS_ROOT}/Manifest.lock\" > /dev/null\nif [ $? != 0 ] ; then\n    # print error to STDERR\n    echo \"error: The sandbox is not in sync with the Podfile.lock. Run 'pod install' or update your CocoaPods installation.\" >&2\n    exit 1\nfi\n";
			showEnvVarsInLog = 0;
		};
		C66688391D412FF2D7269586 /* [CP] Embed Pods Frameworks */ = {
			isa = PBXShellScriptBuildPhase;
			buildActionMask = 2147483647;
			files = (
			);
			inputPaths = (
			);
			name = "[CP] Embed Pods Frameworks";
			outputPaths = (
			);
			runOnlyForDeploymentPostprocessing = 0;
			shellPath = /bin/sh;
			shellScript = "\"${SRCROOT}/Pods/Target Support Files/Pods-PFM/Pods-PFM-frameworks.sh\"\n";
			showEnvVarsInLog = 0;
		};
		ECD23364253C265635C227C0 /* [CP] Check Pods Manifest.lock */ = {
			isa = PBXShellScriptBuildPhase;
			buildActionMask = 2147483647;
			files = (
			);
			inputPaths = (
			);
			name = "[CP] Check Pods Manifest.lock";
			outputPaths = (
			);
			runOnlyForDeploymentPostprocessing = 0;
			shellPath = /bin/sh;
			shellScript = "diff \"${PODS_ROOT}/../Podfile.lock\" \"${PODS_ROOT}/Manifest.lock\" > /dev/null\nif [ $? != 0 ] ; then\n    # print error to STDERR\n    echo \"error: The sandbox is not in sync with the Podfile.lock. Run 'pod install' or update your CocoaPods installation.\" >&2\n    exit 1\nfi\n";
			showEnvVarsInLog = 0;
		};
/* End PBXShellScriptBuildPhase section */

/* Begin PBXSourcesBuildPhase section */
		B12655C01DBEBE4500AEDED5 /* Sources */ = {
			isa = PBXSourcesBuildPhase;
			buildActionMask = 2147483647;
			files = (
				B12655DC1DBEC1DE00AEDED5 /* InputInterfaceController.swift in Sources */,
				B12655CC1DBEBE4500AEDED5 /* ExtensionDelegate.swift in Sources */,
			);
			runOnlyForDeploymentPostprocessing = 0;
		};
		B1308C371CF45529002965EA /* Sources */ = {
			isa = PBXSourcesBuildPhase;
			buildActionMask = 2147483647;
			files = (
			);
			runOnlyForDeploymentPostprocessing = 0;
		};
		B18785971CA98E6A00DD18E9 /* Sources */ = {
			isa = PBXSourcesBuildPhase;
			buildActionMask = 2147483647;
			files = (
				B1783BF81CB2FAA200056895 /* Router.swift in Sources */,
				B164F9741DCB45F70090CF08 /* StoragesAssembly.swift in Sources */,
				B1783C221CB3B6B500056895 /* ChartsViewController.swift in Sources */,
				B1783C2A1CB3C83500056895 /* SettingsViewPresenter.swift in Sources */,
				B1783BF01CB1A8C600056895 /* MockDAL.swift in Sources */,
				B1783C0F1CB3981B00056895 /* NavigationViewProtocol.swift in Sources */,
				B1783BEB1CB1A34B00056895 /* CategoryDataProvider.swift in Sources */,
				B164F9751DCB45F70090CF08 /* DataProvidersAssembly.swift in Sources */,
				B1783C201CB3B50600056895 /* ChartsViewPresenter.swift in Sources */,
				B164F9711DCB45F70090CF08 /* ApplicationAssembly.swift in Sources */,
				B1DA8A6E1CEA80A700C51E85 /* LocationPickerPresenter.swift in Sources */,
				B120CA831CCBC93500E9985B /* NumpadViewController.swift in Sources */,
				B1783C021CB3039500056895 /* InputViewController.swift in Sources */,
				B18785DB1CA99B4800DD18E9 /* TransactionModel.swift in Sources */,
				B1783C251CB3C73600056895 /* SettingsViewPresenterProtocol.swift in Sources */,
				B120CA8C1CCD13F100E9985B /* InputContentPresenterProtocol.swift in Sources */,
				B1783C1A1CB3B26C00056895 /* ChartsViewPresenterProtocol.swift in Sources */,
				B1783C051CB3059800056895 /* Constants.swift in Sources */,
				B1783C071CB3073F00056895 /* InputViewPresenter.swift in Sources */,
				B1DA8A761CEA80E500C51E85 /* PLocationPickerViewController.swift in Sources */,
				B1783C281CB3C78000056895 /* SettingsViewProtocol.swift in Sources */,
				E26D7E781CCE5B8600454C08 /* CategoryCollectionViewCell.swift in Sources */,
				B1783C091CB30A1000056895 /* PresentableView.swift in Sources */,
				B1783C001CB2FDF100056895 /* InputViewProtocol.swift in Sources */,
				B1783BFB1CB2FCB600056895 /* InputViewPresenterProtocol.swift in Sources */,
				B1783C0C1CB3978900056895 /* NavigationPresenterProtocol.swift in Sources */,
				B120CA861CCCFDC100E9985B /* Extensions.swift in Sources */,
				B164F9721DCB45F70090CF08 /* ServicesAssembly.swift in Sources */,
				B1783C1E1CB3B44000056895 /* ChartsViewProtocol.swift in Sources */,
				B18B5E9D1CF48229008427C0 /* CurrentTransactionDataProvider.swift in Sources */,
				B18785DD1CA99CDA00DD18E9 /* UserModel.swift in Sources */,
				B1783BE41CB186A400056895 /* DALHelper.swift in Sources */,
				E2D55DE11CF47A56002343BD /* HistoryViewController.swift in Sources */,
				B120CA921CCD15F700E9985B /* InputContentViewController.swift in Sources */,
				E2D55DE81CF47DE3002343BD /* HistoryHeaderCollectionReusableView.swift in Sources */,
				B1783C141CB3A5AB00056895 /* SwipeNavigationPresenter.swift in Sources */,
				B164F9731DCB45F70090CF08 /* ManagersAssembly.swift in Sources */,
				B12655B01DBEB9E500AEDED5 /* LoaderProtocol.swift in Sources */,
				B120CA8E1CCD142B00E9985B /* InputContentViewProtocol.swift in Sources */,
				E26D7E711CCE4AF900454C08 /* CategoriesViewProtocol.swift in Sources */,
				B12655AC1DBEB57600AEDED5 /* AlertProtocol.swift in Sources */,
				B1783C2C1CB3CA6A00056895 /* SettingsViewController.swift in Sources */,
				B18785D41CA9928500DD18E9 /* CategoryModel.swift in Sources */,
				B18785D81CA99AE000DD18E9 /* ModelObject.swift in Sources */,
				E26D7E6E1CCE4A4100454C08 /* CategoriesTransition.swift in Sources */,
				B164F9771DCC81320090CF08 /* SecureProperty.swift in Sources */,
				B1783BE91CB18A2400056895 /* TransactionDataProvider.swift in Sources */,
				B1DA8A751CEA80E500C51E85 /* LocationPickerViewProtocol.swift in Sources */,
				B12655AA1DBEB48D00AEDED5 /* UserDefaults.swift in Sources */,
				B120CA901CCD157000E9985B /* InputContentPresenter.swift in Sources */,
				B1783C111CB398E400056895 /* SwipeNavigationController.swift in Sources */,
				E26D7E6C1CCE49F000454C08 /* PresentingTransitionAnimator.swift in Sources */,
				E2D55DE41CF47BA4002343BD /* HistoryCollectionViewCell.swift in Sources */,
				E2D55DEA1CF48491002343BD /* HistoryTransition.swift in Sources */,
				B1DA8A6F1CEA80A700C51E85 /* LocationPickerPresenterProtocol.swift in Sources */,
				B187859F1CA98E6A00DD18E9 /* AppDelegate.swift in Sources */,
				E26D7E741CCE4B1D00454C08 /* CategoriesViewController.swift in Sources */,
				B12655AE1DBEB58600AEDED5 /* ImageHelper.swift in Sources */,
			);
			runOnlyForDeploymentPostprocessing = 0;
		};
		B18785AB1CA98E6A00DD18E9 /* Sources */ = {
			isa = PBXSourcesBuildPhase;
			buildActionMask = 2147483647;
			files = (
				B1783BF21CB1BA4800056895 /* CategoryInteractorTests.swift in Sources */,
				B1783BED1CB1A77200056895 /* TransactionInteractorTests.swift in Sources */,
			);
			runOnlyForDeploymentPostprocessing = 0;
		};
/* End PBXSourcesBuildPhase section */

/* Begin PBXTargetDependency section */
		B12655C71DBEBE4500AEDED5 /* PBXTargetDependency */ = {
			isa = PBXTargetDependency;
			target = B12655C31DBEBE4500AEDED5 /* PFM_watch Extension */;
			targetProxy = B12655C61DBEBE4500AEDED5 /* PBXContainerItemProxy */;
		};
		B12655D11DBEBE4500AEDED5 /* PBXTargetDependency */ = {
			isa = PBXTargetDependency;
			target = B12655B71DBEBE4500AEDED5 /* PFM_watch */;
			targetProxy = B12655D01DBEBE4500AEDED5 /* PBXContainerItemProxy */;
		};
		B1308C411CF45529002965EA /* PBXTargetDependency */ = {
			isa = PBXTargetDependency;
			target = B187859A1CA98E6A00DD18E9 /* PFM */;
			targetProxy = B1308C401CF45529002965EA /* PBXContainerItemProxy */;
		};
		B18785B11CA98E6A00DD18E9 /* PBXTargetDependency */ = {
			isa = PBXTargetDependency;
			target = B187859A1CA98E6A00DD18E9 /* PFM */;
			targetProxy = B18785B01CA98E6A00DD18E9 /* PBXContainerItemProxy */;
		};
/* End PBXTargetDependency section */

/* Begin PBXVariantGroup section */
		B12655B51DBEBCC000AEDED5 /* Localizable.strings */ = {
			isa = PBXVariantGroup;
			children = (
				B12655B41DBEBCC000AEDED5 /* Base */,
			);
			name = Localizable.strings;
			sourceTree = "<group>";
		};
		B12655BA1DBEBE4500AEDED5 /* Interface.storyboard */ = {
			isa = PBXVariantGroup;
			children = (
				B12655BB1DBEBE4500AEDED5 /* Base */,
			);
			name = Interface.storyboard;
			sourceTree = "<group>";
		};
		B18785A21CA98E6A00DD18E9 /* Main.storyboard */ = {
			isa = PBXVariantGroup;
			children = (
				B18785A31CA98E6A00DD18E9 /* Base */,
			);
			name = Main.storyboard;
			sourceTree = "<group>";
		};
		B18785A71CA98E6A00DD18E9 /* LaunchScreen.storyboard */ = {
			isa = PBXVariantGroup;
			children = (
				B18785A81CA98E6A00DD18E9 /* Base */,
			);
			name = LaunchScreen.storyboard;
			sourceTree = "<group>";
		};
/* End PBXVariantGroup section */

/* Begin XCBuildConfiguration section */
		B12655D41DBEBE4500AEDED5 /* Debug */ = {
			isa = XCBuildConfiguration;
			buildSettings = {
				ASSETCATALOG_COMPILER_COMPLICATION_NAME = Complication;
				CLANG_WARN_DOCUMENTATION_COMMENTS = YES;
				CLANG_WARN_INFINITE_RECURSION = YES;
				CLANG_WARN_SUSPICIOUS_MOVES = YES;
				DEVELOPMENT_TEAM = 837W344MF8;
				INFOPLIST_FILE = "PFM_watch Extension/Info.plist";
				LD_RUNPATH_SEARCH_PATHS = "$(inherited) @executable_path/Frameworks @executable_path/../../Frameworks";
				PRODUCT_BUNDLE_IDENTIFIER = hu.pinup.PFM.watchkitapp.watchkitextension;
				PRODUCT_NAME = "${TARGET_NAME}";
				SDKROOT = watchos;
				SKIP_INSTALL = YES;
				SWIFT_ACTIVE_COMPILATION_CONDITIONS = DEBUG;
				SWIFT_VERSION = 3.0;
				TARGETED_DEVICE_FAMILY = 4;
				WATCHOS_DEPLOYMENT_TARGET = 3.0;
			};
			name = Debug;
		};
		B12655D51DBEBE4500AEDED5 /* Release */ = {
			isa = XCBuildConfiguration;
			buildSettings = {
				ASSETCATALOG_COMPILER_COMPLICATION_NAME = Complication;
				CLANG_WARN_DOCUMENTATION_COMMENTS = YES;
				CLANG_WARN_INFINITE_RECURSION = YES;
				CLANG_WARN_SUSPICIOUS_MOVES = YES;
				DEVELOPMENT_TEAM = 837W344MF8;
				INFOPLIST_FILE = "PFM_watch Extension/Info.plist";
				LD_RUNPATH_SEARCH_PATHS = "$(inherited) @executable_path/Frameworks @executable_path/../../Frameworks";
				PRODUCT_BUNDLE_IDENTIFIER = hu.pinup.PFM.watchkitapp.watchkitextension;
				PRODUCT_NAME = "${TARGET_NAME}";
				SDKROOT = watchos;
				SKIP_INSTALL = YES;
				SWIFT_OPTIMIZATION_LEVEL = "-Owholemodule";
				SWIFT_VERSION = 3.0;
				TARGETED_DEVICE_FAMILY = 4;
				WATCHOS_DEPLOYMENT_TARGET = 3.0;
			};
			name = Release;
		};
		B12655D81DBEBE4500AEDED5 /* Debug */ = {
			isa = XCBuildConfiguration;
			buildSettings = {
				ALWAYS_EMBED_SWIFT_STANDARD_LIBRARIES = YES;
				ASSETCATALOG_COMPILER_APPICON_NAME = AppIcon;
				CLANG_WARN_DOCUMENTATION_COMMENTS = YES;
				CLANG_WARN_INFINITE_RECURSION = YES;
				CLANG_WARN_SUSPICIOUS_MOVES = YES;
				DEVELOPMENT_TEAM = 837W344MF8;
				IBSC_MODULE = PFM_watch_Extension;
				INFOPLIST_FILE = PFM_watch/Info.plist;
				PRODUCT_BUNDLE_IDENTIFIER = hu.pinup.PFM.watchkitapp;
				PRODUCT_NAME = "$(TARGET_NAME)";
				SDKROOT = watchos;
				SKIP_INSTALL = YES;
				SWIFT_ACTIVE_COMPILATION_CONDITIONS = DEBUG;
				SWIFT_VERSION = 3.0;
				TARGETED_DEVICE_FAMILY = 4;
				WATCHOS_DEPLOYMENT_TARGET = 3.0;
			};
			name = Debug;
		};
		B12655D91DBEBE4500AEDED5 /* Release */ = {
			isa = XCBuildConfiguration;
			buildSettings = {
				ALWAYS_EMBED_SWIFT_STANDARD_LIBRARIES = YES;
				ASSETCATALOG_COMPILER_APPICON_NAME = AppIcon;
				CLANG_WARN_DOCUMENTATION_COMMENTS = YES;
				CLANG_WARN_INFINITE_RECURSION = YES;
				CLANG_WARN_SUSPICIOUS_MOVES = YES;
				DEVELOPMENT_TEAM = 837W344MF8;
				IBSC_MODULE = PFM_watch_Extension;
				INFOPLIST_FILE = PFM_watch/Info.plist;
				PRODUCT_BUNDLE_IDENTIFIER = hu.pinup.PFM.watchkitapp;
				PRODUCT_NAME = "$(TARGET_NAME)";
				SDKROOT = watchos;
				SKIP_INSTALL = YES;
				SWIFT_OPTIMIZATION_LEVEL = "-Owholemodule";
				SWIFT_VERSION = 3.0;
				TARGETED_DEVICE_FAMILY = 4;
				WATCHOS_DEPLOYMENT_TARGET = 3.0;
			};
			name = Release;
		};
		B1308C421CF45529002965EA /* Debug */ = {
			isa = XCBuildConfiguration;
			buildSettings = {
				INFOPLIST_FILE = PFMUITests/Info.plist;
				LD_RUNPATH_SEARCH_PATHS = "$(inherited) @executable_path/Frameworks @loader_path/Frameworks";
				PRODUCT_BUNDLE_IDENTIFIER = ninja.pinup.PhotoCrop.PFMUITests;
				PRODUCT_NAME = "$(TARGET_NAME)";
				TEST_TARGET_NAME = PFM;
			};
			name = Debug;
		};
		B1308C431CF45529002965EA /* Release */ = {
			isa = XCBuildConfiguration;
			buildSettings = {
				INFOPLIST_FILE = PFMUITests/Info.plist;
				LD_RUNPATH_SEARCH_PATHS = "$(inherited) @executable_path/Frameworks @loader_path/Frameworks";
				PRODUCT_BUNDLE_IDENTIFIER = ninja.pinup.PhotoCrop.PFMUITests;
				PRODUCT_NAME = "$(TARGET_NAME)";
				TEST_TARGET_NAME = PFM;
			};
			name = Release;
		};
		B18785C11CA98E6A00DD18E9 /* Debug */ = {
			isa = XCBuildConfiguration;
			buildSettings = {
				ALWAYS_SEARCH_USER_PATHS = NO;
				CLANG_ANALYZER_NONNULL = YES;
				CLANG_CXX_LANGUAGE_STANDARD = "gnu++0x";
				CLANG_CXX_LIBRARY = "libc++";
				CLANG_ENABLE_MODULES = YES;
				CLANG_ENABLE_OBJC_ARC = YES;
				CLANG_WARN_BOOL_CONVERSION = YES;
				CLANG_WARN_CONSTANT_CONVERSION = YES;
				CLANG_WARN_DIRECT_OBJC_ISA_USAGE = YES_ERROR;
				CLANG_WARN_EMPTY_BODY = YES;
				CLANG_WARN_ENUM_CONVERSION = YES;
				CLANG_WARN_INT_CONVERSION = YES;
				CLANG_WARN_OBJC_ROOT_CLASS = YES_ERROR;
				CLANG_WARN_UNREACHABLE_CODE = YES;
				CLANG_WARN__DUPLICATE_METHOD_MATCH = YES;
				"CODE_SIGN_IDENTITY[sdk=iphoneos*]" = "iPhone Developer";
				COPY_PHASE_STRIP = NO;
				DEBUG_INFORMATION_FORMAT = dwarf;
				ENABLE_STRICT_OBJC_MSGSEND = YES;
				ENABLE_TESTABILITY = YES;
				GCC_C_LANGUAGE_STANDARD = gnu99;
				GCC_DYNAMIC_NO_PIC = NO;
				GCC_NO_COMMON_BLOCKS = YES;
				GCC_OPTIMIZATION_LEVEL = 0;
				GCC_PREPROCESSOR_DEFINITIONS = (
					"DEBUG=1",
					"$(inherited)",
				);
				GCC_WARN_64_TO_32_BIT_CONVERSION = YES;
				GCC_WARN_ABOUT_RETURN_TYPE = YES_ERROR;
				GCC_WARN_UNDECLARED_SELECTOR = YES;
				GCC_WARN_UNINITIALIZED_AUTOS = YES_AGGRESSIVE;
				GCC_WARN_UNUSED_FUNCTION = YES;
				GCC_WARN_UNUSED_VARIABLE = YES;
				IPHONEOS_DEPLOYMENT_TARGET = 9.3;
				MTL_ENABLE_DEBUG_INFO = YES;
				ONLY_ACTIVE_ARCH = YES;
				SDKROOT = iphoneos;
				SWIFT_OPTIMIZATION_LEVEL = "-Onone";
				TARGETED_DEVICE_FAMILY = "1,2";
			};
			name = Debug;
		};
		B18785C21CA98E6A00DD18E9 /* Release */ = {
			isa = XCBuildConfiguration;
			buildSettings = {
				ALWAYS_SEARCH_USER_PATHS = NO;
				CLANG_ANALYZER_NONNULL = YES;
				CLANG_CXX_LANGUAGE_STANDARD = "gnu++0x";
				CLANG_CXX_LIBRARY = "libc++";
				CLANG_ENABLE_MODULES = YES;
				CLANG_ENABLE_OBJC_ARC = YES;
				CLANG_WARN_BOOL_CONVERSION = YES;
				CLANG_WARN_CONSTANT_CONVERSION = YES;
				CLANG_WARN_DIRECT_OBJC_ISA_USAGE = YES_ERROR;
				CLANG_WARN_EMPTY_BODY = YES;
				CLANG_WARN_ENUM_CONVERSION = YES;
				CLANG_WARN_INT_CONVERSION = YES;
				CLANG_WARN_OBJC_ROOT_CLASS = YES_ERROR;
				CLANG_WARN_UNREACHABLE_CODE = YES;
				CLANG_WARN__DUPLICATE_METHOD_MATCH = YES;
				"CODE_SIGN_IDENTITY[sdk=iphoneos*]" = "iPhone Developer";
				COPY_PHASE_STRIP = NO;
				DEBUG_INFORMATION_FORMAT = "dwarf-with-dsym";
				ENABLE_NS_ASSERTIONS = NO;
				ENABLE_STRICT_OBJC_MSGSEND = YES;
				GCC_C_LANGUAGE_STANDARD = gnu99;
				GCC_NO_COMMON_BLOCKS = YES;
				GCC_WARN_64_TO_32_BIT_CONVERSION = YES;
				GCC_WARN_ABOUT_RETURN_TYPE = YES_ERROR;
				GCC_WARN_UNDECLARED_SELECTOR = YES;
				GCC_WARN_UNINITIALIZED_AUTOS = YES_AGGRESSIVE;
				GCC_WARN_UNUSED_FUNCTION = YES;
				GCC_WARN_UNUSED_VARIABLE = YES;
				IPHONEOS_DEPLOYMENT_TARGET = 9.3;
				MTL_ENABLE_DEBUG_INFO = NO;
				SDKROOT = iphoneos;
				TARGETED_DEVICE_FAMILY = "1,2";
				VALIDATE_PRODUCT = YES;
			};
			name = Release;
		};
		B18785C41CA98E6A00DD18E9 /* Debug */ = {
			isa = XCBuildConfiguration;
			baseConfigurationReference = 984963EEF1421C9ADFADB024 /* Pods-PFM.debug.xcconfig */;
			buildSettings = {
				ASSETCATALOG_COMPILER_APPICON_NAME = AppIcon;
				DEVELOPMENT_TEAM = 837W344MF8;
				INFOPLIST_FILE = PFM/Info.plist;
				LD_RUNPATH_SEARCH_PATHS = "$(inherited) @executable_path/Frameworks";
				PRODUCT_BUNDLE_IDENTIFIER = hu.pinup.PFM;
				PRODUCT_NAME = "$(TARGET_NAME)";
				SWIFT_OBJC_BRIDGING_HEADER = "$(PROJECT_NAME)/PFM-BridgingHeader.h";
				SWIFT_VERSION = 3.0;
			};
			name = Debug;
		};
		B18785C51CA98E6A00DD18E9 /* Release */ = {
			isa = XCBuildConfiguration;
			baseConfigurationReference = FAAE10BAECD01C0AE59F68FA /* Pods-PFM.release.xcconfig */;
			buildSettings = {
				ASSETCATALOG_COMPILER_APPICON_NAME = AppIcon;
				DEVELOPMENT_TEAM = 837W344MF8;
				INFOPLIST_FILE = PFM/Info.plist;
				LD_RUNPATH_SEARCH_PATHS = "$(inherited) @executable_path/Frameworks";
				PRODUCT_BUNDLE_IDENTIFIER = hu.pinup.PFM;
				PRODUCT_NAME = "$(TARGET_NAME)";
				SWIFT_OBJC_BRIDGING_HEADER = "$(PROJECT_NAME)/PFM-BridgingHeader.h";
				SWIFT_VERSION = 3.0;
			};
			name = Release;
		};
		B18785C71CA98E6A00DD18E9 /* Debug */ = {
			isa = XCBuildConfiguration;
			baseConfigurationReference = 68A320BA307D58FB7683BFA2 /* Pods-PFMTests.debug.xcconfig */;
			buildSettings = {
				BUNDLE_LOADER = "$(TEST_HOST)";
				INFOPLIST_FILE = PFMTests/Info.plist;
				LD_RUNPATH_SEARCH_PATHS = "$(inherited) @executable_path/Frameworks @loader_path/Frameworks";
				PRODUCT_BUNDLE_IDENTIFIER = hu.pinup.PFMTests;
				PRODUCT_NAME = "$(TARGET_NAME)";
				SWIFT_VERSION = 3.0;
				TEST_HOST = "$(BUILT_PRODUCTS_DIR)/PFM.app/PFM";
			};
			name = Debug;
		};
		B18785C81CA98E6A00DD18E9 /* Release */ = {
			isa = XCBuildConfiguration;
			baseConfigurationReference = 9C5782FE39953D33BC631016 /* Pods-PFMTests.release.xcconfig */;
			buildSettings = {
				BUNDLE_LOADER = "$(TEST_HOST)";
				INFOPLIST_FILE = PFMTests/Info.plist;
				LD_RUNPATH_SEARCH_PATHS = "$(inherited) @executable_path/Frameworks @loader_path/Frameworks";
				PRODUCT_BUNDLE_IDENTIFIER = hu.pinup.PFMTests;
				PRODUCT_NAME = "$(TARGET_NAME)";
				SWIFT_VERSION = 3.0;
				TEST_HOST = "$(BUILT_PRODUCTS_DIR)/PFM.app/PFM";
			};
			name = Release;
		};
/* End XCBuildConfiguration section */

/* Begin XCConfigurationList section */
		B12655D31DBEBE4500AEDED5 /* Build configuration list for PBXNativeTarget "PFM_watch Extension" */ = {
			isa = XCConfigurationList;
			buildConfigurations = (
				B12655D41DBEBE4500AEDED5 /* Debug */,
				B12655D51DBEBE4500AEDED5 /* Release */,
			);
			defaultConfigurationIsVisible = 0;
			defaultConfigurationName = Release;
		};
		B12655D71DBEBE4500AEDED5 /* Build configuration list for PBXNativeTarget "PFM_watch" */ = {
			isa = XCConfigurationList;
			buildConfigurations = (
				B12655D81DBEBE4500AEDED5 /* Debug */,
				B12655D91DBEBE4500AEDED5 /* Release */,
			);
			defaultConfigurationIsVisible = 0;
			defaultConfigurationName = Release;
		};
		B1308C441CF45529002965EA /* Build configuration list for PBXNativeTarget "PFMUITests" */ = {
			isa = XCConfigurationList;
			buildConfigurations = (
				B1308C421CF45529002965EA /* Debug */,
				B1308C431CF45529002965EA /* Release */,
			);
			defaultConfigurationIsVisible = 0;
			defaultConfigurationName = Release;
		};
		B18785961CA98E6A00DD18E9 /* Build configuration list for PBXProject "PFM" */ = {
			isa = XCConfigurationList;
			buildConfigurations = (
				B18785C11CA98E6A00DD18E9 /* Debug */,
				B18785C21CA98E6A00DD18E9 /* Release */,
			);
			defaultConfigurationIsVisible = 0;
			defaultConfigurationName = Release;
		};
		B18785C31CA98E6A00DD18E9 /* Build configuration list for PBXNativeTarget "PFM" */ = {
			isa = XCConfigurationList;
			buildConfigurations = (
				B18785C41CA98E6A00DD18E9 /* Debug */,
				B18785C51CA98E6A00DD18E9 /* Release */,
			);
			defaultConfigurationIsVisible = 0;
			defaultConfigurationName = Release;
		};
		B18785C61CA98E6A00DD18E9 /* Build configuration list for PBXNativeTarget "PFMTests" */ = {
			isa = XCConfigurationList;
			buildConfigurations = (
				B18785C71CA98E6A00DD18E9 /* Debug */,
				B18785C81CA98E6A00DD18E9 /* Release */,
			);
			defaultConfigurationIsVisible = 0;
			defaultConfigurationName = Release;
		};
/* End XCConfigurationList section */
	};
	rootObject = B18785931CA98E6A00DD18E9 /* Project object */;
}
